// !$*UTF8*$!
{
	archiveVersion = 1;
	classes = {
	};
	objectVersion = 55;
	objects = {

/* Begin PBXBuildFile section */
		1743F3A07AEDFBB02AFD4928 /* Pods_iOSReferenceRepository.framework in Frameworks */ = {isa = PBXBuildFile; fileRef = A9FCD5B60BA46D61F31D9954 /* Pods_iOSReferenceRepository.framework */; };
		8609B80529DF9ABA00453822 /* TestScrollView.swift in Sources */ = {isa = PBXBuildFile; fileRef = 8609B80429DF9ABA00453822 /* TestScrollView.swift */; };
		860B302A291E9FCC00628191 /* TopViewHeader.xib in Resources */ = {isa = PBXBuildFile; fileRef = 860B3029291E9FCC00628191 /* TopViewHeader.xib */; };
		860B302C291EA09100628191 /* TopViewHeader.swift in Sources */ = {isa = PBXBuildFile; fileRef = 860B302B291EA09100628191 /* TopViewHeader.swift */; };
		8618B4A428CC45D9004810C3 /* AppDelegate.swift in Sources */ = {isa = PBXBuildFile; fileRef = 8618B4A328CC45D9004810C3 /* AppDelegate.swift */; };
		8618B4A628CC45D9004810C3 /* SceneDelegate.swift in Sources */ = {isa = PBXBuildFile; fileRef = 8618B4A528CC45D9004810C3 /* SceneDelegate.swift */; };
		8618B4AD28CC45DC004810C3 /* Assets.xcassets in Resources */ = {isa = PBXBuildFile; fileRef = 8618B4AC28CC45DC004810C3 /* Assets.xcassets */; };
		8618B4BA28CD9B55004810C3 /* Splash.storyboard in Resources */ = {isa = PBXBuildFile; fileRef = 8618B4B928CD9B55004810C3 /* Splash.storyboard */; };
		8618B4BC28CD9B6B004810C3 /* SplashViewController.swift in Sources */ = {isa = PBXBuildFile; fileRef = 8618B4BB28CD9B6B004810C3 /* SplashViewController.swift */; };
		8618B4C028CDA8C2004810C3 /* TopViewController.swift in Sources */ = {isa = PBXBuildFile; fileRef = 8618B4BF28CDA8C2004810C3 /* TopViewController.swift */; };
		8618B4C228CDA8FB004810C3 /* Top.storyboard in Resources */ = {isa = PBXBuildFile; fileRef = 8618B4C128CDA8FB004810C3 /* Top.storyboard */; };
		8618B4C528CDAAB4004810C3 /* R.generated.swift in Sources */ = {isa = PBXBuildFile; fileRef = 8618B4C428CDAAB4004810C3 /* R.generated.swift */; };
		865A100029C3EB56007D9567 /* SwiftUIView.swift in Sources */ = {isa = PBXBuildFile; fileRef = 865A0FFF29C3EB56007D9567 /* SwiftUIView.swift */; };
		865A100429CE7159007D9567 /* ScrollViewController.swift in Sources */ = {isa = PBXBuildFile; fileRef = 865A100329CE7159007D9567 /* ScrollViewController.swift */; };
		865A100629CE7199007D9567 /* ScrollView.storyboard in Resources */ = {isa = PBXBuildFile; fileRef = 865A100529CE7199007D9567 /* ScrollView.storyboard */; };
		865A100A29D11669007D9567 /* RxSwift.framework in Frameworks */ = {isa = PBXBuildFile; fileRef = 865A100929D11669007D9567 /* RxSwift.framework */; };
		865A100C29D1166F007D9567 /* RxCocoa.framework in Frameworks */ = {isa = PBXBuildFile; fileRef = 865A100B29D1166F007D9567 /* RxCocoa.framework */; settings = {ATTRIBUTES = (Required, ); }; };
		8675881229E6DA4B0096C92F /* NextViewFromTableView.storyboard in Resources */ = {isa = PBXBuildFile; fileRef = 8675881129E6DA4B0096C92F /* NextViewFromTableView.storyboard */; };
		86809125291E90B900531ABC /* TopViewCell.xib in Resources */ = {isa = PBXBuildFile; fileRef = 86809124291E90B900531ABC /* TopViewCell.xib */; };
		86809127291E922B00531ABC /* TopViewCell.swift in Sources */ = {isa = PBXBuildFile; fileRef = 86809126291E922B00531ABC /* TopViewCell.swift */; };
		869DCEC829DA49680000A1DD /* TopViewModel.swift in Sources */ = {isa = PBXBuildFile; fileRef = 869DCEC729DA49680000A1DD /* TopViewModel.swift */; };
		86FAFDA029E4E5FE00327F7F /* TestUITableViewController.swift in Sources */ = {isa = PBXBuildFile; fileRef = 86FAFD9F29E4E5FE00327F7F /* TestUITableViewController.swift */; };
		86FAFDA229E623BD00327F7F /* TestUITableView.storyboard in Resources */ = {isa = PBXBuildFile; fileRef = 86FAFDA129E623BC00327F7F /* TestUITableView.storyboard */; };
		86FAFDA529E6247A00327F7F /* TestUITableViewCell.xib in Resources */ = {isa = PBXBuildFile; fileRef = 86FAFDA429E6247A00327F7F /* TestUITableViewCell.xib */; };
		86FAFDA729E624AE00327F7F /* TestUITableViewCell.swift in Sources */ = {isa = PBXBuildFile; fileRef = 86FAFDA629E624AE00327F7F /* TestUITableViewCell.swift */; };
		86FAFDA929E6299E00327F7F /* TestUItableViewModel.swift in Sources */ = {isa = PBXBuildFile; fileRef = 86FAFDA829E6299E00327F7F /* TestUItableViewModel.swift */; };
		86FAFDAB29E6CD8700327F7F /* NextViewControllerFromTableView.swift in Sources */ = {isa = PBXBuildFile; fileRef = 86FAFDAA29E6CD8600327F7F /* NextViewControllerFromTableView.swift */; };
/* End PBXBuildFile section */

/* Begin PBXFileReference section */
		8609B80429DF9ABA00453822 /* TestScrollView.swift */ = {isa = PBXFileReference; lastKnownFileType = sourcecode.swift; path = TestScrollView.swift; sourceTree = "<group>"; };
		860B3029291E9FCC00628191 /* TopViewHeader.xib */ = {isa = PBXFileReference; lastKnownFileType = file.xib; path = TopViewHeader.xib; sourceTree = "<group>"; };
		860B302B291EA09100628191 /* TopViewHeader.swift */ = {isa = PBXFileReference; lastKnownFileType = sourcecode.swift; path = TopViewHeader.swift; sourceTree = "<group>"; };
		8618B4A028CC45D9004810C3 /* iOSReferenceRepository.app */ = {isa = PBXFileReference; explicitFileType = wrapper.application; includeInIndex = 0; path = iOSReferenceRepository.app; sourceTree = BUILT_PRODUCTS_DIR; };
		8618B4A328CC45D9004810C3 /* AppDelegate.swift */ = {isa = PBXFileReference; lastKnownFileType = sourcecode.swift; path = AppDelegate.swift; sourceTree = "<group>"; };
		8618B4A528CC45D9004810C3 /* SceneDelegate.swift */ = {isa = PBXFileReference; lastKnownFileType = sourcecode.swift; path = SceneDelegate.swift; sourceTree = "<group>"; };
		8618B4AC28CC45DC004810C3 /* Assets.xcassets */ = {isa = PBXFileReference; lastKnownFileType = folder.assetcatalog; path = Assets.xcassets; sourceTree = "<group>"; };
		8618B4B128CC45DC004810C3 /* Info.plist */ = {isa = PBXFileReference; lastKnownFileType = text.plist.xml; path = Info.plist; sourceTree = "<group>"; };
		8618B4B928CD9B55004810C3 /* Splash.storyboard */ = {isa = PBXFileReference; lastKnownFileType = file.storyboard; path = Splash.storyboard; sourceTree = "<group>"; };
		8618B4BB28CD9B6B004810C3 /* SplashViewController.swift */ = {isa = PBXFileReference; lastKnownFileType = sourcecode.swift; path = SplashViewController.swift; sourceTree = "<group>"; };
		8618B4BF28CDA8C2004810C3 /* TopViewController.swift */ = {isa = PBXFileReference; lastKnownFileType = sourcecode.swift; path = TopViewController.swift; sourceTree = "<group>"; };
		8618B4C128CDA8FB004810C3 /* Top.storyboard */ = {isa = PBXFileReference; lastKnownFileType = file.storyboard; path = Top.storyboard; sourceTree = "<group>"; };
		8618B4C428CDAAB4004810C3 /* R.generated.swift */ = {isa = PBXFileReference; fileEncoding = 4; lastKnownFileType = sourcecode.swift; path = R.generated.swift; sourceTree = SOURCE_ROOT; };
		865A0FFB29BBF8C4007D9567 /* MyPlayground.playground */ = {isa = PBXFileReference; lastKnownFileType = file.playground; path = MyPlayground.playground; sourceTree = "<group>"; xcLanguageSpecificationIdentifier = xcode.lang.swift; };
		865A0FFC29BC3FE5007D9567 /* RxCocoa.framework */ = {isa = PBXFileReference; explicitFileType = wrapper.framework; path = RxCocoa.framework; sourceTree = BUILT_PRODUCTS_DIR; };
		865A0FFF29C3EB56007D9567 /* SwiftUIView.swift */ = {isa = PBXFileReference; fileEncoding = 4; lastKnownFileType = sourcecode.swift; path = SwiftUIView.swift; sourceTree = "<group>"; };
		865A100329CE7159007D9567 /* ScrollViewController.swift */ = {isa = PBXFileReference; lastKnownFileType = sourcecode.swift; path = ScrollViewController.swift; sourceTree = "<group>"; };
		865A100529CE7199007D9567 /* ScrollView.storyboard */ = {isa = PBXFileReference; lastKnownFileType = file.storyboard; path = ScrollView.storyboard; sourceTree = "<group>"; };
		865A100729D11558007D9567 /* RxCocoa.framework */ = {isa = PBXFileReference; explicitFileType = wrapper.framework; path = RxCocoa.framework; sourceTree = BUILT_PRODUCTS_DIR; };
		865A100929D11669007D9567 /* RxSwift.framework */ = {isa = PBXFileReference; explicitFileType = wrapper.framework; path = RxSwift.framework; sourceTree = BUILT_PRODUCTS_DIR; };
		865A100B29D1166F007D9567 /* RxCocoa.framework */ = {isa = PBXFileReference; explicitFileType = wrapper.framework; path = RxCocoa.framework; sourceTree = BUILT_PRODUCTS_DIR; };
		8675881129E6DA4B0096C92F /* NextViewFromTableView.storyboard */ = {isa = PBXFileReference; lastKnownFileType = file.storyboard; path = NextViewFromTableView.storyboard; sourceTree = "<group>"; };
		86809124291E90B900531ABC /* TopViewCell.xib */ = {isa = PBXFileReference; lastKnownFileType = file.xib; path = TopViewCell.xib; sourceTree = "<group>"; };
		86809126291E922B00531ABC /* TopViewCell.swift */ = {isa = PBXFileReference; lastKnownFileType = sourcecode.swift; path = TopViewCell.swift; sourceTree = "<group>"; };
		869DCEC729DA49680000A1DD /* TopViewModel.swift */ = {isa = PBXFileReference; lastKnownFileType = sourcecode.swift; path = TopViewModel.swift; sourceTree = "<group>"; };
		86FAFD9F29E4E5FE00327F7F /* TestUITableViewController.swift */ = {isa = PBXFileReference; lastKnownFileType = sourcecode.swift; path = TestUITableViewController.swift; sourceTree = "<group>"; };
		86FAFDA129E623BC00327F7F /* TestUITableView.storyboard */ = {isa = PBXFileReference; lastKnownFileType = file.storyboard; path = TestUITableView.storyboard; sourceTree = "<group>"; };
		86FAFDA429E6247A00327F7F /* TestUITableViewCell.xib */ = {isa = PBXFileReference; lastKnownFileType = file.xib; path = TestUITableViewCell.xib; sourceTree = "<group>"; };
		86FAFDA629E624AE00327F7F /* TestUITableViewCell.swift */ = {isa = PBXFileReference; lastKnownFileType = sourcecode.swift; path = TestUITableViewCell.swift; sourceTree = "<group>"; };
		86FAFDA829E6299E00327F7F /* TestUItableViewModel.swift */ = {isa = PBXFileReference; lastKnownFileType = sourcecode.swift; path = TestUItableViewModel.swift; sourceTree = "<group>"; };
		86FAFDAA29E6CD8600327F7F /* NextViewControllerFromTableView.swift */ = {isa = PBXFileReference; lastKnownFileType = sourcecode.swift; path = NextViewControllerFromTableView.swift; sourceTree = "<group>"; };
		8AB65B9723C24FBE6B3CD2E3 /* Pods-iOSReferenceRepository.debug.xcconfig */ = {isa = PBXFileReference; includeInIndex = 1; lastKnownFileType = text.xcconfig; name = "Pods-iOSReferenceRepository.debug.xcconfig"; path = "Target Support Files/Pods-iOSReferenceRepository/Pods-iOSReferenceRepository.debug.xcconfig"; sourceTree = "<group>"; };
		A9FCD5B60BA46D61F31D9954 /* Pods_iOSReferenceRepository.framework */ = {isa = PBXFileReference; explicitFileType = wrapper.framework; includeInIndex = 0; path = Pods_iOSReferenceRepository.framework; sourceTree = BUILT_PRODUCTS_DIR; };
		B280A647610E831338EC5047 /* Pods-iOSReferenceRepository.release.xcconfig */ = {isa = PBXFileReference; includeInIndex = 1; lastKnownFileType = text.xcconfig; name = "Pods-iOSReferenceRepository.release.xcconfig"; path = "Target Support Files/Pods-iOSReferenceRepository/Pods-iOSReferenceRepository.release.xcconfig"; sourceTree = "<group>"; };
/* End PBXFileReference section */

/* Begin PBXFrameworksBuildPhase section */
		8618B49D28CC45D9004810C3 /* Frameworks */ = {
			isa = PBXFrameworksBuildPhase;
			buildActionMask = 2147483647;
			files = (
				865A100C29D1166F007D9567 /* RxCocoa.framework in Frameworks */,
				865A100A29D11669007D9567 /* RxSwift.framework in Frameworks */,
				1743F3A07AEDFBB02AFD4928 /* Pods_iOSReferenceRepository.framework in Frameworks */,
			);
			runOnlyForDeploymentPostprocessing = 0;
		};
/* End PBXFrameworksBuildPhase section */

/* Begin PBXGroup section */
		20F39CEE4AB04A3821159EDC /* Frameworks */ = {
			isa = PBXGroup;
			children = (
				865A100B29D1166F007D9567 /* RxCocoa.framework */,
				865A100929D11669007D9567 /* RxSwift.framework */,
				865A100729D11558007D9567 /* RxCocoa.framework */,
				865A0FFC29BC3FE5007D9567 /* RxCocoa.framework */,
				A9FCD5B60BA46D61F31D9954 /* Pods_iOSReferenceRepository.framework */,
			);
			name = Frameworks;
			sourceTree = "<group>";
		};
		26A75E6A7FEF49D2A283D3FC /* Pods */ = {
			isa = PBXGroup;
			children = (
				8AB65B9723C24FBE6B3CD2E3 /* Pods-iOSReferenceRepository.debug.xcconfig */,
				B280A647610E831338EC5047 /* Pods-iOSReferenceRepository.release.xcconfig */,
			);
			path = Pods;
			sourceTree = "<group>";
		};
		8609B80229DF9A8600453822 /* SwiftUI */ = {
			isa = PBXGroup;
			children = (
				8609B80329DF9AA300453822 /* ScrollView */,
			);
			name = SwiftUI;
			sourceTree = "<group>";
		};
		8609B80329DF9AA300453822 /* ScrollView */ = {
			isa = PBXGroup;
			children = (
				8609B80429DF9ABA00453822 /* TestScrollView.swift */,
			);
			name = ScrollView;
			sourceTree = "<group>";
		};
		8609B80629E4D96E00453822 /* UITableView */ = {
			isa = PBXGroup;
			children = (
				86FAFDA329E6246500327F7F /* View */,
				86FAFD9F29E4E5FE00327F7F /* TestUITableViewController.swift */,
				86FAFDA129E623BC00327F7F /* TestUITableView.storyboard */,
				86FAFDA829E6299E00327F7F /* TestUItableViewModel.swift */,
				86FAFDAA29E6CD8600327F7F /* NextViewControllerFromTableView.swift */,
				8675881129E6DA4B0096C92F /* NextViewFromTableView.storyboard */,
			);
			path = UITableView;
			sourceTree = "<group>";
		};
		8618B49728CC45D9004810C3 = {
			isa = PBXGroup;
			children = (
				8618B4A228CC45D9004810C3 /* iOSReferenceRepository */,
				865A0FFF29C3EB56007D9567 /* SwiftUIView.swift */,
				8618B4A128CC45D9004810C3 /* Products */,
				26A75E6A7FEF49D2A283D3FC /* Pods */,
				20F39CEE4AB04A3821159EDC /* Frameworks */,
			);
			sourceTree = "<group>";
		};
		8618B4A128CC45D9004810C3 /* Products */ = {
			isa = PBXGroup;
			children = (
				8618B4A028CC45D9004810C3 /* iOSReferenceRepository.app */,
			);
			name = Products;
			sourceTree = "<group>";
		};
		8618B4A228CC45D9004810C3 /* iOSReferenceRepository */ = {
			isa = PBXGroup;
			children = (
				8618B4B728CD9B08004810C3 /* AppManager */,
				8618B4B828CD9B28004810C3 /* SplashView */,
				8618B4BD28CDA89F004810C3 /* TopView */,
				865A0FFB29BBF8C4007D9567 /* MyPlayground.playground */,
				865A100129CE713D007D9567 /* UIKit */,
				8609B80229DF9A8600453822 /* SwiftUI */,
			);
			path = iOSReferenceRepository;
			sourceTree = "<group>";
		};
		8618B4B728CD9B08004810C3 /* AppManager */ = {
			isa = PBXGroup;
			children = (
				8618B4B128CC45DC004810C3 /* Info.plist */,
				8618B4A328CC45D9004810C3 /* AppDelegate.swift */,
				8618B4C428CDAAB4004810C3 /* R.generated.swift */,
				8618B4A528CC45D9004810C3 /* SceneDelegate.swift */,
				8618B4AC28CC45DC004810C3 /* Assets.xcassets */,
			);
			path = AppManager;
			sourceTree = "<group>";
		};
		8618B4B828CD9B28004810C3 /* SplashView */ = {
			isa = PBXGroup;
			children = (
				8618B4B928CD9B55004810C3 /* Splash.storyboard */,
				8618B4BB28CD9B6B004810C3 /* SplashViewController.swift */,
			);
			path = SplashView;
			sourceTree = "<group>";
		};
		8618B4BD28CDA89F004810C3 /* TopView */ = {
			isa = PBXGroup;
			children = (
				86809123291E90A800531ABC /* View */,
				8618B4BF28CDA8C2004810C3 /* TopViewController.swift */,
				8618B4C128CDA8FB004810C3 /* Top.storyboard */,
				869DCEC729DA49680000A1DD /* TopViewModel.swift */,
			);
			path = TopView;
			sourceTree = "<group>";
		};
		865A100129CE713D007D9567 /* UIKit */ = {
			isa = PBXGroup;
			children = (
				8609B80629E4D96E00453822 /* UITableView */,
				865A100229CE7143007D9567 /* ScrollView */,
			);
			path = UIKit;
			sourceTree = "<group>";
		};
		865A100229CE7143007D9567 /* ScrollView */ = {
			isa = PBXGroup;
			children = (
				865A100329CE7159007D9567 /* ScrollViewController.swift */,
				865A100529CE7199007D9567 /* ScrollView.storyboard */,
			);
			path = ScrollView;
			sourceTree = "<group>";
		};
		86809123291E90A800531ABC /* View */ = {
			isa = PBXGroup;
			children = (
				86809126291E922B00531ABC /* TopViewCell.swift */,
				86809124291E90B900531ABC /* TopViewCell.xib */,
				860B302B291EA09100628191 /* TopViewHeader.swift */,
				860B3029291E9FCC00628191 /* TopViewHeader.xib */,
			);
			path = View;
			sourceTree = "<group>";
		};
		86FAFDA329E6246500327F7F /* View */ = {
			isa = PBXGroup;
			children = (
				86FAFDA429E6247A00327F7F /* TestUITableViewCell.xib */,
				86FAFDA629E624AE00327F7F /* TestUITableViewCell.swift */,
			);
			path = View;
			sourceTree = "<group>";
		};
/* End PBXGroup section */

/* Begin PBXNativeTarget section */
		8618B49F28CC45D9004810C3 /* iOSReferenceRepository */ = {
			isa = PBXNativeTarget;
			buildConfigurationList = 8618B4B428CC45DC004810C3 /* Build configuration list for PBXNativeTarget "iOSReferenceRepository" */;
			buildPhases = (
				91D81C6DC5E83DB704275E74 /* [CP] Check Pods Manifest.lock */,
				8618B49C28CC45D9004810C3 /* Sources */,
				8618B49D28CC45D9004810C3 /* Frameworks */,
				8618B49E28CC45D9004810C3 /* Resources */,
				5BE2420EAD229FD6D87415D2 /* [CP] Embed Pods Frameworks */,
				8618B4C328CDA9CA004810C3 /* R.Swift Run Script */,
			);
			buildRules = (
			);
			dependencies = (
			);
			name = iOSReferenceRepository;
			packageProductDependencies = (
			);
			productName = iOSReferenceRepository;
			productReference = 8618B4A028CC45D9004810C3 /* iOSReferenceRepository.app */;
			productType = "com.apple.product-type.application";
		};
/* End PBXNativeTarget section */

/* Begin PBXProject section */
		8618B49828CC45D9004810C3 /* Project object */ = {
			isa = PBXProject;
			attributes = {
				BuildIndependentTargetsInParallel = 1;
				LastSwiftUpdateCheck = 1330;
				LastUpgradeCheck = 1330;
				TargetAttributes = {
					8618B49F28CC45D9004810C3 = {
						CreatedOnToolsVersion = 13.3;
					};
				};
			};
			buildConfigurationList = 8618B49B28CC45D9004810C3 /* Build configuration list for PBXProject "iOSReferenceRepository" */;
			compatibilityVersion = "Xcode 13.0";
			developmentRegion = en;
			hasScannedForEncodings = 0;
			knownRegions = (
				en,
				Base,
			);
			mainGroup = 8618B49728CC45D9004810C3;
			packageReferences = (
			);
			productRefGroup = 8618B4A128CC45D9004810C3 /* Products */;
			projectDirPath = "";
			projectRoot = "";
			targets = (
				8618B49F28CC45D9004810C3 /* iOSReferenceRepository */,
			);
		};
/* End PBXProject section */

/* Begin PBXResourcesBuildPhase section */
		8618B49E28CC45D9004810C3 /* Resources */ = {
			isa = PBXResourcesBuildPhase;
			buildActionMask = 2147483647;
			files = (
				8618B4AD28CC45DC004810C3 /* Assets.xcassets in Resources */,
				86FAFDA529E6247A00327F7F /* TestUITableViewCell.xib in Resources */,
				86FAFDA229E623BD00327F7F /* TestUITableView.storyboard in Resources */,
				8675881229E6DA4B0096C92F /* NextViewFromTableView.storyboard in Resources */,
				8618B4BA28CD9B55004810C3 /* Splash.storyboard in Resources */,
				86809125291E90B900531ABC /* TopViewCell.xib in Resources */,
				860B302A291E9FCC00628191 /* TopViewHeader.xib in Resources */,
				8618B4C228CDA8FB004810C3 /* Top.storyboard in Resources */,
				865A100629CE7199007D9567 /* ScrollView.storyboard in Resources */,
			);
			runOnlyForDeploymentPostprocessing = 0;
		};
/* End PBXResourcesBuildPhase section */

/* Begin PBXShellScriptBuildPhase section */
		5BE2420EAD229FD6D87415D2 /* [CP] Embed Pods Frameworks */ = {
			isa = PBXShellScriptBuildPhase;
			buildActionMask = 2147483647;
			files = (
			);
			inputFileListPaths = (
				"${PODS_ROOT}/Target Support Files/Pods-iOSReferenceRepository/Pods-iOSReferenceRepository-frameworks-${CONFIGURATION}-input-files.xcfilelist",
			);
			name = "[CP] Embed Pods Frameworks";
			outputFileListPaths = (
				"${PODS_ROOT}/Target Support Files/Pods-iOSReferenceRepository/Pods-iOSReferenceRepository-frameworks-${CONFIGURATION}-output-files.xcfilelist",
			);
			runOnlyForDeploymentPostprocessing = 0;
			shellPath = /bin/sh;
			shellScript = "\"${PODS_ROOT}/Target Support Files/Pods-iOSReferenceRepository/Pods-iOSReferenceRepository-frameworks.sh\"\n";
			showEnvVarsInLog = 0;
		};
		8618B4C328CDA9CA004810C3 /* R.Swift Run Script */ = {
			isa = PBXShellScriptBuildPhase;
			alwaysOutOfDate = 1;
			buildActionMask = 2147483647;
			files = (
			);
			inputFileListPaths = (
			);
			inputPaths = (
			);
			name = "R.Swift Run Script";
			outputFileListPaths = (
			);
			outputPaths = (
				"$(DERIVED_FILE_DIR)/$SRCROOT/R.generated.swift",
			);
			runOnlyForDeploymentPostprocessing = 0;
			shellPath = /bin/sh;
			shellScript = "\"$PODS_ROOT/R.swift/rswift\" generate \"$SRCROOT/R.generated.swift\"\n";
		};
		91D81C6DC5E83DB704275E74 /* [CP] Check Pods Manifest.lock */ = {
			isa = PBXShellScriptBuildPhase;
			buildActionMask = 2147483647;
			files = (
			);
			inputFileListPaths = (
			);
			inputPaths = (
				"${PODS_PODFILE_DIR_PATH}/Podfile.lock",
				"${PODS_ROOT}/Manifest.lock",
			);
			name = "[CP] Check Pods Manifest.lock";
			outputFileListPaths = (
			);
			outputPaths = (
				"$(DERIVED_FILE_DIR)/Pods-iOSReferenceRepository-checkManifestLockResult.txt",
			);
			runOnlyForDeploymentPostprocessing = 0;
			shellPath = /bin/sh;
			shellScript = "diff \"${PODS_PODFILE_DIR_PATH}/Podfile.lock\" \"${PODS_ROOT}/Manifest.lock\" > /dev/null\nif [ $? != 0 ] ; then\n    # print error to STDERR\n    echo \"error: The sandbox is not in sync with the Podfile.lock. Run 'pod install' or update your CocoaPods installation.\" >&2\n    exit 1\nfi\n# This output is used by Xcode 'outputs' to avoid re-running this script phase.\necho \"SUCCESS\" > \"${SCRIPT_OUTPUT_FILE_0}\"\n";
			showEnvVarsInLog = 0;
		};
/* End PBXShellScriptBuildPhase section */

/* Begin PBXSourcesBuildPhase section */
		8618B49C28CC45D9004810C3 /* Sources */ = {
			isa = PBXSourcesBuildPhase;
			buildActionMask = 2147483647;
			files = (
				8618B4C028CDA8C2004810C3 /* TopViewController.swift in Sources */,
				8609B80529DF9ABA00453822 /* TestScrollView.swift in Sources */,
				865A100029C3EB56007D9567 /* SwiftUIView.swift in Sources */,
				86FAFDA729E624AE00327F7F /* TestUITableViewCell.swift in Sources */,
				86FAFDAB29E6CD8700327F7F /* NextViewControllerFromTableView.swift in Sources */,
				86FAFDA029E4E5FE00327F7F /* TestUITableViewController.swift in Sources */,
				865A100429CE7159007D9567 /* ScrollViewController.swift in Sources */,
				860B302C291EA09100628191 /* TopViewHeader.swift in Sources */,
				869DCEC829DA49680000A1DD /* TopViewModel.swift in Sources */,
				8618B4A428CC45D9004810C3 /* AppDelegate.swift in Sources */,
				86FAFDA929E6299E00327F7F /* TestUItableViewModel.swift in Sources */,
				8618B4C528CDAAB4004810C3 /* R.generated.swift in Sources */,
				8618B4A628CC45D9004810C3 /* SceneDelegate.swift in Sources */,
				86809127291E922B00531ABC /* TopViewCell.swift in Sources */,
				8618B4BC28CD9B6B004810C3 /* SplashViewController.swift in Sources */,
			);
			runOnlyForDeploymentPostprocessing = 0;
		};
/* End PBXSourcesBuildPhase section */

/* Begin XCBuildConfiguration section */
		8618B4B228CC45DC004810C3 /* Debug */ = {
			isa = XCBuildConfiguration;
			buildSettings = {
				ALWAYS_SEARCH_USER_PATHS = NO;
				CLANG_ANALYZER_NONNULL = YES;
				CLANG_ANALYZER_NUMBER_OBJECT_CONVERSION = YES_AGGRESSIVE;
				CLANG_CXX_LANGUAGE_STANDARD = "gnu++17";
				CLANG_ENABLE_MODULES = YES;
				CLANG_ENABLE_OBJC_ARC = YES;
				CLANG_ENABLE_OBJC_WEAK = YES;
				CLANG_WARN_BLOCK_CAPTURE_AUTORELEASING = YES;
				CLANG_WARN_BOOL_CONVERSION = YES;
				CLANG_WARN_COMMA = YES;
				CLANG_WARN_CONSTANT_CONVERSION = YES;
				CLANG_WARN_DEPRECATED_OBJC_IMPLEMENTATIONS = YES;
				CLANG_WARN_DIRECT_OBJC_ISA_USAGE = YES_ERROR;
				CLANG_WARN_DOCUMENTATION_COMMENTS = YES;
				CLANG_WARN_EMPTY_BODY = YES;
				CLANG_WARN_ENUM_CONVERSION = YES;
				CLANG_WARN_INFINITE_RECURSION = YES;
				CLANG_WARN_INT_CONVERSION = YES;
				CLANG_WARN_NON_LITERAL_NULL_CONVERSION = YES;
				CLANG_WARN_OBJC_IMPLICIT_RETAIN_SELF = YES;
				CLANG_WARN_OBJC_LITERAL_CONVERSION = YES;
				CLANG_WARN_OBJC_ROOT_CLASS = YES_ERROR;
				CLANG_WARN_QUOTED_INCLUDE_IN_FRAMEWORK_HEADER = YES;
				CLANG_WARN_RANGE_LOOP_ANALYSIS = YES;
				CLANG_WARN_STRICT_PROTOTYPES = YES;
				CLANG_WARN_SUSPICIOUS_MOVE = YES;
				CLANG_WARN_UNGUARDED_AVAILABILITY = YES_AGGRESSIVE;
				CLANG_WARN_UNREACHABLE_CODE = YES;
				CLANG_WARN__DUPLICATE_METHOD_MATCH = YES;
				COPY_PHASE_STRIP = NO;
				DEBUG_INFORMATION_FORMAT = dwarf;
				ENABLE_STRICT_OBJC_MSGSEND = YES;
				ENABLE_TESTABILITY = YES;
				GCC_C_LANGUAGE_STANDARD = gnu11;
				GCC_DYNAMIC_NO_PIC = NO;
				GCC_NO_COMMON_BLOCKS = YES;
				GCC_OPTIMIZATION_LEVEL = 0;
				GCC_PREPROCESSOR_DEFINITIONS = (
					"DEBUG=1",
					"$(inherited)",
				);
				GCC_WARN_64_TO_32_BIT_CONVERSION = YES;
				GCC_WARN_ABOUT_RETURN_TYPE = YES_ERROR;
				GCC_WARN_UNDECLARED_SELECTOR = YES;
				GCC_WARN_UNINITIALIZED_AUTOS = YES_AGGRESSIVE;
				GCC_WARN_UNUSED_FUNCTION = YES;
				GCC_WARN_UNUSED_VARIABLE = YES;
				IPHONEOS_DEPLOYMENT_TARGET = 15.4;
				MTL_ENABLE_DEBUG_INFO = INCLUDE_SOURCE;
				MTL_FAST_MATH = YES;
				ONLY_ACTIVE_ARCH = YES;
				SDKROOT = iphoneos;
				SWIFT_ACTIVE_COMPILATION_CONDITIONS = DEBUG;
				SWIFT_OPTIMIZATION_LEVEL = "-Onone";
			};
			name = Debug;
		};
		8618B4B328CC45DC004810C3 /* Release */ = {
			isa = XCBuildConfiguration;
			buildSettings = {
				ALWAYS_SEARCH_USER_PATHS = NO;
				CLANG_ANALYZER_NONNULL = YES;
				CLANG_ANALYZER_NUMBER_OBJECT_CONVERSION = YES_AGGRESSIVE;
				CLANG_CXX_LANGUAGE_STANDARD = "gnu++17";
				CLANG_ENABLE_MODULES = YES;
				CLANG_ENABLE_OBJC_ARC = YES;
				CLANG_ENABLE_OBJC_WEAK = YES;
				CLANG_WARN_BLOCK_CAPTURE_AUTORELEASING = YES;
				CLANG_WARN_BOOL_CONVERSION = YES;
				CLANG_WARN_COMMA = YES;
				CLANG_WARN_CONSTANT_CONVERSION = YES;
				CLANG_WARN_DEPRECATED_OBJC_IMPLEMENTATIONS = YES;
				CLANG_WARN_DIRECT_OBJC_ISA_USAGE = YES_ERROR;
				CLANG_WARN_DOCUMENTATION_COMMENTS = YES;
				CLANG_WARN_EMPTY_BODY = YES;
				CLANG_WARN_ENUM_CONVERSION = YES;
				CLANG_WARN_INFINITE_RECURSION = YES;
				CLANG_WARN_INT_CONVERSION = YES;
				CLANG_WARN_NON_LITERAL_NULL_CONVERSION = YES;
				CLANG_WARN_OBJC_IMPLICIT_RETAIN_SELF = YES;
				CLANG_WARN_OBJC_LITERAL_CONVERSION = YES;
				CLANG_WARN_OBJC_ROOT_CLASS = YES_ERROR;
				CLANG_WARN_QUOTED_INCLUDE_IN_FRAMEWORK_HEADER = YES;
				CLANG_WARN_RANGE_LOOP_ANALYSIS = YES;
				CLANG_WARN_STRICT_PROTOTYPES = YES;
				CLANG_WARN_SUSPICIOUS_MOVE = YES;
				CLANG_WARN_UNGUARDED_AVAILABILITY = YES_AGGRESSIVE;
				CLANG_WARN_UNREACHABLE_CODE = YES;
				CLANG_WARN__DUPLICATE_METHOD_MATCH = YES;
				COPY_PHASE_STRIP = NO;
				DEBUG_INFORMATION_FORMAT = "dwarf-with-dsym";
				ENABLE_NS_ASSERTIONS = NO;
				ENABLE_STRICT_OBJC_MSGSEND = YES;
				GCC_C_LANGUAGE_STANDARD = gnu11;
				GCC_NO_COMMON_BLOCKS = YES;
				GCC_WARN_64_TO_32_BIT_CONVERSION = YES;
				GCC_WARN_ABOUT_RETURN_TYPE = YES_ERROR;
				GCC_WARN_UNDECLARED_SELECTOR = YES;
				GCC_WARN_UNINITIALIZED_AUTOS = YES_AGGRESSIVE;
				GCC_WARN_UNUSED_FUNCTION = YES;
				GCC_WARN_UNUSED_VARIABLE = YES;
				IPHONEOS_DEPLOYMENT_TARGET = 15.4;
				MTL_ENABLE_DEBUG_INFO = NO;
				MTL_FAST_MATH = YES;
				SDKROOT = iphoneos;
				SWIFT_COMPILATION_MODE = wholemodule;
				SWIFT_OPTIMIZATION_LEVEL = "-O";
				VALIDATE_PRODUCT = YES;
			};
			name = Release;
		};
		8618B4B528CC45DC004810C3 /* Debug */ = {
			isa = XCBuildConfiguration;
			baseConfigurationReference = 8AB65B9723C24FBE6B3CD2E3 /* Pods-iOSReferenceRepository.debug.xcconfig */;
			buildSettings = {
				ASSETCATALOG_COMPILER_APPICON_NAME = AppIcon;
				ASSETCATALOG_COMPILER_GLOBAL_ACCENT_COLOR_NAME = AccentColor;
				CODE_SIGN_STYLE = Automatic;
				CURRENT_PROJECT_VERSION = 1;
				DEVELOPMENT_TEAM = B4C4BK3TF8;
				GENERATE_INFOPLIST_FILE = YES;
				INFOPLIST_FILE = iOSReferenceRepository/AppManager/Info.plist;
				INFOPLIST_KEY_UIApplicationSupportsIndirectInputEvents = YES;
				INFOPLIST_KEY_UILaunchStoryboardName = LaunchScreen;
				INFOPLIST_KEY_UIMainStoryboardFile = Splash;
				INFOPLIST_KEY_UISupportedInterfaceOrientations_iPad = "UIInterfaceOrientationPortrait UIInterfaceOrientationPortraitUpsideDown UIInterfaceOrientationLandscapeLeft UIInterfaceOrientationLandscapeRight";
				INFOPLIST_KEY_UISupportedInterfaceOrientations_iPhone = "UIInterfaceOrientationPortrait UIInterfaceOrientationLandscapeLeft UIInterfaceOrientationLandscapeRight";
				IPHONEOS_DEPLOYMENT_TARGET = 14.0;
				LD_RUNPATH_SEARCH_PATHS = (
					"$(inherited)",
					"@executable_path/Frameworks",
				);
				MARKETING_VERSION = 1.0;
				PRODUCT_BUNDLE_IDENTIFIER = com.noringo.iOSReferenceRepository;
				PRODUCT_NAME = "$(TARGET_NAME)";
				SWIFT_EMIT_LOC_STRINGS = YES;
				SWIFT_VERSION = 5.0;
				TARGETED_DEVICE_FAMILY = "1,2";
			};
			name = Debug;
		};
		8618B4B628CC45DC004810C3 /* Release */ = {
			isa = XCBuildConfiguration;
			baseConfigurationReference = B280A647610E831338EC5047 /* Pods-iOSReferenceRepository.release.xcconfig */;
			buildSettings = {
				ASSETCATALOG_COMPILER_APPICON_NAME = AppIcon;
				ASSETCATALOG_COMPILER_GLOBAL_ACCENT_COLOR_NAME = AccentColor;
				CODE_SIGN_STYLE = Automatic;
				CURRENT_PROJECT_VERSION = 1;
				DEVELOPMENT_TEAM = B4C4BK3TF8;
				GENERATE_INFOPLIST_FILE = YES;
				INFOPLIST_FILE = iOSReferenceRepository/AppManager/Info.plist;
				INFOPLIST_KEY_UIApplicationSupportsIndirectInputEvents = YES;
				INFOPLIST_KEY_UILaunchStoryboardName = LaunchScreen;
				INFOPLIST_KEY_UIMainStoryboardFile = Splash;
				INFOPLIST_KEY_UISupportedInterfaceOrientations_iPad = "UIInterfaceOrientationPortrait UIInterfaceOrientationPortraitUpsideDown UIInterfaceOrientationLandscapeLeft UIInterfaceOrientationLandscapeRight";
				INFOPLIST_KEY_UISupportedInterfaceOrientations_iPhone = "UIInterfaceOrientationPortrait UIInterfaceOrientationLandscapeLeft UIInterfaceOrientationLandscapeRight";
				IPHONEOS_DEPLOYMENT_TARGET = 14.0;
				LD_RUNPATH_SEARCH_PATHS = (
					"$(inherited)",
					"@executable_path/Frameworks",
				);
				MARKETING_VERSION = 1.0;
				PRODUCT_BUNDLE_IDENTIFIER = com.noringo.iOSReferenceRepository;
				PRODUCT_NAME = "$(TARGET_NAME)";
				SWIFT_EMIT_LOC_STRINGS = YES;
				SWIFT_VERSION = 5.0;
				TARGETED_DEVICE_FAMILY = "1,2";
			};
			name = Release;
		};
/* End XCBuildConfiguration section */

/* Begin XCConfigurationList section */
		8618B49B28CC45D9004810C3 /* Build configuration list for PBXProject "iOSReferenceRepository" */ = {
			isa = XCConfigurationList;
			buildConfigurations = (
				8618B4B228CC45DC004810C3 /* Debug */,
				8618B4B328CC45DC004810C3 /* Release */,
			);
			defaultConfigurationIsVisible = 0;
			defaultConfigurationName = Release;
		};
		8618B4B428CC45DC004810C3 /* Build configuration list for PBXNativeTarget "iOSReferenceRepository" */ = {
			isa = XCConfigurationList;
			buildConfigurations = (
				8618B4B528CC45DC004810C3 /* Debug */,
				8618B4B628CC45DC004810C3 /* Release */,
			);
			defaultConfigurationIsVisible = 0;
			defaultConfigurationName = Release;
		};
/* End XCConfigurationList section */
	};
	rootObject = 8618B49828CC45D9004810C3 /* Project object */;
}
