// !$*UTF8*$!
{
	archiveVersion = 1;
	classes = {
	};
	objectVersion = 55;
	objects = {

/* Begin PBXBuildFile section */
		1743F3A07AEDFBB02AFD4928 /* Pods_iOSReferenceRepository.framework in Frameworks */ = {isa = PBXBuildFile; fileRef = A9FCD5B60BA46D61F31D9954 /* Pods_iOSReferenceRepository.framework */; };
		8609B80529DF9ABA00453822 /* TestScrollView.swift in Sources */ = {isa = PBXBuildFile; fileRef = 8609B80429DF9ABA00453822 /* TestScrollView.swift */; };
		860B302A291E9FCC00628191 /* UIKitSampleHeader.xib in Resources */ = {isa = PBXBuildFile; fileRef = 860B3029291E9FCC00628191 /* UIKitSampleHeader.xib */; };
		860B302C291EA09100628191 /* UIKitSampleHeader.swift in Sources */ = {isa = PBXBuildFile; fileRef = 860B302B291EA09100628191 /* UIKitSampleHeader.swift */; };
		860E90902B1F2A0200468B8A /* UserDefaultsRepository.swift in Sources */ = {isa = PBXBuildFile; fileRef = 860E908F2B1F2A0200468B8A /* UserDefaultsRepository.swift */; };
		8618B4A428CC45D9004810C3 /* AppDelegate.swift in Sources */ = {isa = PBXBuildFile; fileRef = 8618B4A328CC45D9004810C3 /* AppDelegate.swift */; };
		8618B4A628CC45D9004810C3 /* SceneDelegate.swift in Sources */ = {isa = PBXBuildFile; fileRef = 8618B4A528CC45D9004810C3 /* SceneDelegate.swift */; };
		8618B4AD28CC45DC004810C3 /* Assets.xcassets in Resources */ = {isa = PBXBuildFile; fileRef = 8618B4AC28CC45DC004810C3 /* Assets.xcassets */; };
		8618B4BA28CD9B55004810C3 /* Splash.storyboard in Resources */ = {isa = PBXBuildFile; fileRef = 8618B4B928CD9B55004810C3 /* Splash.storyboard */; };
		8618B4BC28CD9B6B004810C3 /* SplashViewController.swift in Sources */ = {isa = PBXBuildFile; fileRef = 8618B4BB28CD9B6B004810C3 /* SplashViewController.swift */; };
		8618B4C028CDA8C2004810C3 /* UIKitSampleViewController.swift in Sources */ = {isa = PBXBuildFile; fileRef = 8618B4BF28CDA8C2004810C3 /* UIKitSampleViewController.swift */; };
		8618B4C228CDA8FB004810C3 /* UIKitSample.storyboard in Resources */ = {isa = PBXBuildFile; fileRef = 8618B4C128CDA8FB004810C3 /* UIKitSample.storyboard */; };
		8618B4C528CDAAB4004810C3 /* R.generated.swift in Sources */ = {isa = PBXBuildFile; fileRef = 8618B4C428CDAAB4004810C3 /* R.generated.swift */; };
		861ABC042AE21F75004D46E1 /* GitHubSearch.storyboard in Resources */ = {isa = PBXBuildFile; fileRef = 861ABC032AE21F75004D46E1 /* GitHubSearch.storyboard */; };
		861ABC062AE21F89004D46E1 /* GitHubSearchViewController.swift in Sources */ = {isa = PBXBuildFile; fileRef = 861ABC052AE21F89004D46E1 /* GitHubSearchViewController.swift */; };
		861ABC092AE221D5004D46E1 /* Settings.storyboard in Resources */ = {isa = PBXBuildFile; fileRef = 861ABC082AE221D5004D46E1 /* Settings.storyboard */; };
		861ABC0B2AE221EA004D46E1 /* SettingsViewController.swift in Sources */ = {isa = PBXBuildFile; fileRef = 861ABC0A2AE221EA004D46E1 /* SettingsViewController.swift */; };
		861ABC0D2AE37E8A004D46E1 /* HomeViewModel.swift in Sources */ = {isa = PBXBuildFile; fileRef = 861ABC0C2AE37E8A004D46E1 /* HomeViewModel.swift */; };
		861ABC112AE5E815004D46E1 /* Notification.Name+Extension.swift in Sources */ = {isa = PBXBuildFile; fileRef = 861ABC102AE5E815004D46E1 /* Notification.Name+Extension.swift */; };
		861B23CF2AD8AF07002935FD /* SplashViewModel.swift in Sources */ = {isa = PBXBuildFile; fileRef = 861B23CE2AD8AF07002935FD /* SplashViewModel.swift */; };
		861B23D32AE0AA77002935FD /* Home.storyboard in Resources */ = {isa = PBXBuildFile; fileRef = 861B23D22AE0AA76002935FD /* Home.storyboard */; };
		861B23D52AE0ABFA002935FD /* HomeViewController.swift in Sources */ = {isa = PBXBuildFile; fileRef = 861B23D42AE0ABFA002935FD /* HomeViewController.swift */; };
		865510AC2B1FE6F0007767E1 /* GitHubSearchType.swift in Sources */ = {isa = PBXBuildFile; fileRef = 865510AB2B1FE6F0007767E1 /* GitHubSearchType.swift */; };
		865510AE2B1FE9F5007767E1 /* GitHubSearchSuggestionModel.swift in Sources */ = {isa = PBXBuildFile; fileRef = 865510AD2B1FE9F5007767E1 /* GitHubSearchSuggestionModel.swift */; };
		865510B02B207868007767E1 /* GitHubSearchAPIRepository.swift in Sources */ = {isa = PBXBuildFile; fileRef = 865510AF2B207868007767E1 /* GitHubSearchAPIRepository.swift */; };
		865A100029C3EB56007D9567 /* SwiftUIView.swift in Sources */ = {isa = PBXBuildFile; fileRef = 865A0FFF29C3EB56007D9567 /* SwiftUIView.swift */; };
		865A100429CE7159007D9567 /* ScrollViewController.swift in Sources */ = {isa = PBXBuildFile; fileRef = 865A100329CE7159007D9567 /* ScrollViewController.swift */; };
		865A100629CE7199007D9567 /* ScrollView.storyboard in Resources */ = {isa = PBXBuildFile; fileRef = 865A100529CE7199007D9567 /* ScrollView.storyboard */; };
		865A100A29D11669007D9567 /* RxSwift.framework in Frameworks */ = {isa = PBXBuildFile; fileRef = 865A100929D11669007D9567 /* RxSwift.framework */; };
		865A100C29D1166F007D9567 /* RxCocoa.framework in Frameworks */ = {isa = PBXBuildFile; fileRef = 865A100B29D1166F007D9567 /* RxCocoa.framework */; settings = {ATTRIBUTES = (Required, ); }; };
		8675881229E6DA4B0096C92F /* NextViewFromTableView.storyboard in Resources */ = {isa = PBXBuildFile; fileRef = 8675881129E6DA4B0096C92F /* NextViewFromTableView.storyboard */; };
		86809125291E90B900531ABC /* UIKitSampleCell.xib in Resources */ = {isa = PBXBuildFile; fileRef = 86809124291E90B900531ABC /* UIKitSampleCell.xib */; };
		86809127291E922B00531ABC /* UIKitSampleCell.swift in Sources */ = {isa = PBXBuildFile; fileRef = 86809126291E922B00531ABC /* UIKitSampleCell.swift */; };
		868E6F3B2AF5EE7200C8599F /* GitHubSearchHistoryCell.xib in Resources */ = {isa = PBXBuildFile; fileRef = 868E6F3A2AF5EE7200C8599F /* GitHubSearchHistoryCell.xib */; };
		868E6F3D2AF5EE7F00C8599F /* GitHubSearchHistoryCell.swift in Sources */ = {isa = PBXBuildFile; fileRef = 868E6F3C2AF5EE7F00C8599F /* GitHubSearchHistoryCell.swift */; };
		8690EAC12B241E9E00F1DE8E /* GitHubSearchSuggesionsCellData.swift in Sources */ = {isa = PBXBuildFile; fileRef = 8690EAC02B241E9E00F1DE8E /* GitHubSearchSuggesionsCellData.swift */; };
		8690EAC32B243E4700F1DE8E /* GitHubSearchHisotryManagerUseCase.swift in Sources */ = {isa = PBXBuildFile; fileRef = 8690EAC22B243E4700F1DE8E /* GitHubSearchHisotryManagerUseCase.swift */; };
		8690EAC52B244B6500F1DE8E /* GitHubSearchUseCase.swift in Sources */ = {isa = PBXBuildFile; fileRef = 8690EAC42B244B6500F1DE8E /* GitHubSearchUseCase.swift */; };
		869DCEC829DA49680000A1DD /* UIKitSampleViewModel.swift in Sources */ = {isa = PBXBuildFile; fileRef = 869DCEC729DA49680000A1DD /* UIKitSampleViewModel.swift */; };
		86C0648B29EB8F1B0019FC77 /* TestUICollectionViewController.swift in Sources */ = {isa = PBXBuildFile; fileRef = 86C0648A29EB8F1B0019FC77 /* TestUICollectionViewController.swift */; };
		86C0648D29EB8F2F0019FC77 /* TestUICollectionView.storyboard in Resources */ = {isa = PBXBuildFile; fileRef = 86C0648C29EB8F2F0019FC77 /* TestUICollectionView.storyboard */; };
		86C0648F29EB91D00019FC77 /* TestCollectionViewModel.swift in Sources */ = {isa = PBXBuildFile; fileRef = 86C0648E29EB91D00019FC77 /* TestCollectionViewModel.swift */; };
		86C0649329EB92050019FC77 /* TestCollectionViewCell.swift in Sources */ = {isa = PBXBuildFile; fileRef = 86C0649129EB92050019FC77 /* TestCollectionViewCell.swift */; };
		86C0649429EB92050019FC77 /* TestCollectionViewCell.xib in Resources */ = {isa = PBXBuildFile; fileRef = 86C0649229EB92050019FC77 /* TestCollectionViewCell.xib */; };
		86C0649729EB92630019FC77 /* TestCollectionHeaderView.swift in Sources */ = {isa = PBXBuildFile; fileRef = 86C0649529EB92630019FC77 /* TestCollectionHeaderView.swift */; };
		86C0649829EB92630019FC77 /* TestCollectionHeaderView.xib in Resources */ = {isa = PBXBuildFile; fileRef = 86C0649629EB92630019FC77 /* TestCollectionHeaderView.xib */; };
		86C0649B29EB927F0019FC77 /* TestCollectionFooterView.swift in Sources */ = {isa = PBXBuildFile; fileRef = 86C0649929EB927F0019FC77 /* TestCollectionFooterView.swift */; };
		86C0649C29EB927F0019FC77 /* TestCollectionFooterView.xib in Resources */ = {isa = PBXBuildFile; fileRef = 86C0649A29EB927F0019FC77 /* TestCollectionFooterView.xib */; };
		86C0649F29F204C80019FC77 /* TestLazyGridView.swift in Sources */ = {isa = PBXBuildFile; fileRef = 86C0649E29F204C80019FC77 /* TestLazyGridView.swift */; };
		86C064A129F204FD0019FC77 /* TestLazyGridViewModel.swift in Sources */ = {isa = PBXBuildFile; fileRef = 86C064A029F204FD0019FC77 /* TestLazyGridViewModel.swift */; };
		86D1200B29E8C66B001F59BD /* TestListView.swift in Sources */ = {isa = PBXBuildFile; fileRef = 86D1200A29E8C66B001F59BD /* TestListView.swift */; };
		86D1200F29EA4542001F59BD /* NextListView.swift in Sources */ = {isa = PBXBuildFile; fileRef = 86D1200E29EA4542001F59BD /* NextListView.swift */; };
		86D1201129EA4627001F59BD /* TestListViewModel.swift in Sources */ = {isa = PBXBuildFile; fileRef = 86D1201029EA4627001F59BD /* TestListViewModel.swift */; };
		86D68D1D2AF64810003901C0 /* GitHubSearchHistoryHeader.xib in Resources */ = {isa = PBXBuildFile; fileRef = 86D68D1C2AF64810003901C0 /* GitHubSearchHistoryHeader.xib */; };
		86D68D1F2AF64871003901C0 /* GitHubSearchHistoryHeader.swift in Sources */ = {isa = PBXBuildFile; fileRef = 86D68D1E2AF64871003901C0 /* GitHubSearchHistoryHeader.swift */; };
		86D68D212AF64EE6003901C0 /* GitHubSearchSuggestionsCell.xib in Resources */ = {isa = PBXBuildFile; fileRef = 86D68D202AF64EE6003901C0 /* GitHubSearchSuggestionsCell.xib */; };
		86D68D232AF64EF2003901C0 /* GitHubSearchSuggestionsCell.swift in Sources */ = {isa = PBXBuildFile; fileRef = 86D68D222AF64EF2003901C0 /* GitHubSearchSuggestionsCell.swift */; };
		86D852F52B00C83500873B4D /* GitHubSearchViewModel.swift in Sources */ = {isa = PBXBuildFile; fileRef = 86D852F42B00C83500873B4D /* GitHubSearchViewModel.swift */; };
		86E03C8A2AF082DD00AAEAC7 /* UIKitSampleData.swift in Sources */ = {isa = PBXBuildFile; fileRef = 86E03C892AF082DD00AAEAC7 /* UIKitSampleData.swift */; };
		86E6C2582AF5E02A0043F09C /* GitHubSearchTutorialLabelCell.xib in Resources */ = {isa = PBXBuildFile; fileRef = 86E6C2572AF5E02A0043F09C /* GitHubSearchTutorialLabelCell.xib */; };
		86E6C25A2AF5E0660043F09C /* GitHubSearchTutorialLabelCell.swift in Sources */ = {isa = PBXBuildFile; fileRef = 86E6C2592AF5E0660043F09C /* GitHubSearchTutorialLabelCell.swift */; };
		86E6C25C2AF5E35F0043F09C /* Localizable.xcstrings in Resources */ = {isa = PBXBuildFile; fileRef = 86E6C25B2AF5E35F0043F09C /* Localizable.xcstrings */; };
		86FAFDA029E4E5FE00327F7F /* TestUITableViewController.swift in Sources */ = {isa = PBXBuildFile; fileRef = 86FAFD9F29E4E5FE00327F7F /* TestUITableViewController.swift */; };
		86FAFDA229E623BD00327F7F /* TestUITableView.storyboard in Resources */ = {isa = PBXBuildFile; fileRef = 86FAFDA129E623BC00327F7F /* TestUITableView.storyboard */; };
		86FAFDA529E6247A00327F7F /* TestUITableViewCell.xib in Resources */ = {isa = PBXBuildFile; fileRef = 86FAFDA429E6247A00327F7F /* TestUITableViewCell.xib */; };
		86FAFDA729E624AE00327F7F /* TestUITableViewCell.swift in Sources */ = {isa = PBXBuildFile; fileRef = 86FAFDA629E624AE00327F7F /* TestUITableViewCell.swift */; };
		86FAFDA929E6299E00327F7F /* TestUItableViewModel.swift in Sources */ = {isa = PBXBuildFile; fileRef = 86FAFDA829E6299E00327F7F /* TestUItableViewModel.swift */; };
		86FAFDAB29E6CD8700327F7F /* NextViewControllerFromTableView.swift in Sources */ = {isa = PBXBuildFile; fileRef = 86FAFDAA29E6CD8600327F7F /* NextViewControllerFromTableView.swift */; };
/* End PBXBuildFile section */

/* Begin PBXFileReference section */
		8609B80429DF9ABA00453822 /* TestScrollView.swift */ = {isa = PBXFileReference; lastKnownFileType = sourcecode.swift; path = TestScrollView.swift; sourceTree = "<group>"; };
		860B3029291E9FCC00628191 /* UIKitSampleHeader.xib */ = {isa = PBXFileReference; lastKnownFileType = file.xib; path = UIKitSampleHeader.xib; sourceTree = "<group>"; };
		860B302B291EA09100628191 /* UIKitSampleHeader.swift */ = {isa = PBXFileReference; lastKnownFileType = sourcecode.swift; path = UIKitSampleHeader.swift; sourceTree = "<group>"; };
		860E908F2B1F2A0200468B8A /* UserDefaultsRepository.swift */ = {isa = PBXFileReference; lastKnownFileType = sourcecode.swift; path = UserDefaultsRepository.swift; sourceTree = "<group>"; };
		8618B4A028CC45D9004810C3 /* iOSReferenceRepository.app */ = {isa = PBXFileReference; explicitFileType = wrapper.application; includeInIndex = 0; path = iOSReferenceRepository.app; sourceTree = BUILT_PRODUCTS_DIR; };
		8618B4A328CC45D9004810C3 /* AppDelegate.swift */ = {isa = PBXFileReference; lastKnownFileType = sourcecode.swift; path = AppDelegate.swift; sourceTree = "<group>"; };
		8618B4A528CC45D9004810C3 /* SceneDelegate.swift */ = {isa = PBXFileReference; lastKnownFileType = sourcecode.swift; path = SceneDelegate.swift; sourceTree = "<group>"; };
		8618B4AC28CC45DC004810C3 /* Assets.xcassets */ = {isa = PBXFileReference; lastKnownFileType = folder.assetcatalog; path = Assets.xcassets; sourceTree = "<group>"; };
		8618B4B128CC45DC004810C3 /* Info.plist */ = {isa = PBXFileReference; lastKnownFileType = text.plist.xml; path = Info.plist; sourceTree = "<group>"; };
		8618B4B928CD9B55004810C3 /* Splash.storyboard */ = {isa = PBXFileReference; lastKnownFileType = file.storyboard; path = Splash.storyboard; sourceTree = "<group>"; };
		8618B4BB28CD9B6B004810C3 /* SplashViewController.swift */ = {isa = PBXFileReference; lastKnownFileType = sourcecode.swift; path = SplashViewController.swift; sourceTree = "<group>"; };
		8618B4BF28CDA8C2004810C3 /* UIKitSampleViewController.swift */ = {isa = PBXFileReference; lastKnownFileType = sourcecode.swift; path = UIKitSampleViewController.swift; sourceTree = "<group>"; };
		8618B4C128CDA8FB004810C3 /* UIKitSample.storyboard */ = {isa = PBXFileReference; lastKnownFileType = file.storyboard; path = UIKitSample.storyboard; sourceTree = "<group>"; };
		8618B4C428CDAAB4004810C3 /* R.generated.swift */ = {isa = PBXFileReference; fileEncoding = 4; lastKnownFileType = sourcecode.swift; path = R.generated.swift; sourceTree = SOURCE_ROOT; };
		861ABC032AE21F75004D46E1 /* GitHubSearch.storyboard */ = {isa = PBXFileReference; lastKnownFileType = file.storyboard; path = GitHubSearch.storyboard; sourceTree = "<group>"; };
		861ABC052AE21F89004D46E1 /* GitHubSearchViewController.swift */ = {isa = PBXFileReference; lastKnownFileType = sourcecode.swift; path = GitHubSearchViewController.swift; sourceTree = "<group>"; };
		861ABC082AE221D5004D46E1 /* Settings.storyboard */ = {isa = PBXFileReference; lastKnownFileType = file.storyboard; path = Settings.storyboard; sourceTree = "<group>"; };
		861ABC0A2AE221EA004D46E1 /* SettingsViewController.swift */ = {isa = PBXFileReference; lastKnownFileType = sourcecode.swift; path = SettingsViewController.swift; sourceTree = "<group>"; };
		861ABC0C2AE37E8A004D46E1 /* HomeViewModel.swift */ = {isa = PBXFileReference; lastKnownFileType = sourcecode.swift; path = HomeViewModel.swift; sourceTree = "<group>"; };
		861ABC102AE5E815004D46E1 /* Notification.Name+Extension.swift */ = {isa = PBXFileReference; lastKnownFileType = sourcecode.swift; path = "Notification.Name+Extension.swift"; sourceTree = "<group>"; };
		861ABC152AE5F117004D46E1 /* Swift.playground */ = {isa = PBXFileReference; lastKnownFileType = file.playground; path = Swift.playground; sourceTree = "<group>"; xcLanguageSpecificationIdentifier = xcode.lang.swift; };
		861B23CE2AD8AF07002935FD /* SplashViewModel.swift */ = {isa = PBXFileReference; lastKnownFileType = sourcecode.swift; path = SplashViewModel.swift; sourceTree = "<group>"; };
		861B23D22AE0AA76002935FD /* Home.storyboard */ = {isa = PBXFileReference; lastKnownFileType = file.storyboard; path = Home.storyboard; sourceTree = "<group>"; };
		861B23D42AE0ABFA002935FD /* HomeViewController.swift */ = {isa = PBXFileReference; lastKnownFileType = sourcecode.swift; path = HomeViewController.swift; sourceTree = "<group>"; };
		865510AB2B1FE6F0007767E1 /* GitHubSearchType.swift */ = {isa = PBXFileReference; lastKnownFileType = sourcecode.swift; path = GitHubSearchType.swift; sourceTree = "<group>"; };
		865510AD2B1FE9F5007767E1 /* GitHubSearchSuggestionModel.swift */ = {isa = PBXFileReference; lastKnownFileType = sourcecode.swift; path = GitHubSearchSuggestionModel.swift; sourceTree = "<group>"; };
		865510AF2B207868007767E1 /* GitHubSearchAPIRepository.swift */ = {isa = PBXFileReference; lastKnownFileType = sourcecode.swift; path = GitHubSearchAPIRepository.swift; sourceTree = "<group>"; };
		865A0FFC29BC3FE5007D9567 /* RxCocoa.framework */ = {isa = PBXFileReference; explicitFileType = wrapper.framework; path = RxCocoa.framework; sourceTree = BUILT_PRODUCTS_DIR; };
		865A0FFF29C3EB56007D9567 /* SwiftUIView.swift */ = {isa = PBXFileReference; fileEncoding = 4; lastKnownFileType = sourcecode.swift; path = SwiftUIView.swift; sourceTree = "<group>"; };
		865A100329CE7159007D9567 /* ScrollViewController.swift */ = {isa = PBXFileReference; lastKnownFileType = sourcecode.swift; path = ScrollViewController.swift; sourceTree = "<group>"; };
		865A100529CE7199007D9567 /* ScrollView.storyboard */ = {isa = PBXFileReference; lastKnownFileType = file.storyboard; path = ScrollView.storyboard; sourceTree = "<group>"; };
		865A100729D11558007D9567 /* RxCocoa.framework */ = {isa = PBXFileReference; explicitFileType = wrapper.framework; path = RxCocoa.framework; sourceTree = BUILT_PRODUCTS_DIR; };
		865A100929D11669007D9567 /* RxSwift.framework */ = {isa = PBXFileReference; explicitFileType = wrapper.framework; path = RxSwift.framework; sourceTree = BUILT_PRODUCTS_DIR; };
		865A100B29D1166F007D9567 /* RxCocoa.framework */ = {isa = PBXFileReference; explicitFileType = wrapper.framework; path = RxCocoa.framework; sourceTree = BUILT_PRODUCTS_DIR; };
		8663010E2B0F2986003A08C8 /* RxSwift.playground */ = {isa = PBXFileReference; lastKnownFileType = file.playground; path = RxSwift.playground; sourceTree = "<group>"; xcLanguageSpecificationIdentifier = xcode.lang.swift; };
		8675881129E6DA4B0096C92F /* NextViewFromTableView.storyboard */ = {isa = PBXFileReference; lastKnownFileType = file.storyboard; path = NextViewFromTableView.storyboard; sourceTree = "<group>"; };
		86809124291E90B900531ABC /* UIKitSampleCell.xib */ = {isa = PBXFileReference; lastKnownFileType = file.xib; path = UIKitSampleCell.xib; sourceTree = "<group>"; };
		86809126291E922B00531ABC /* UIKitSampleCell.swift */ = {isa = PBXFileReference; lastKnownFileType = sourcecode.swift; path = UIKitSampleCell.swift; sourceTree = "<group>"; };
		868E6F3A2AF5EE7200C8599F /* GitHubSearchHistoryCell.xib */ = {isa = PBXFileReference; lastKnownFileType = file.xib; path = GitHubSearchHistoryCell.xib; sourceTree = "<group>"; };
		868E6F3C2AF5EE7F00C8599F /* GitHubSearchHistoryCell.swift */ = {isa = PBXFileReference; lastKnownFileType = sourcecode.swift; path = GitHubSearchHistoryCell.swift; sourceTree = "<group>"; };
		8690EAC02B241E9E00F1DE8E /* GitHubSearchSuggesionsCellData.swift */ = {isa = PBXFileReference; lastKnownFileType = sourcecode.swift; path = GitHubSearchSuggesionsCellData.swift; sourceTree = "<group>"; };
		8690EAC22B243E4700F1DE8E /* GitHubSearchHisotryManagerUseCase.swift */ = {isa = PBXFileReference; lastKnownFileType = sourcecode.swift; path = GitHubSearchHisotryManagerUseCase.swift; sourceTree = "<group>"; };
		8690EAC42B244B6500F1DE8E /* GitHubSearchUseCase.swift */ = {isa = PBXFileReference; lastKnownFileType = sourcecode.swift; path = GitHubSearchUseCase.swift; sourceTree = "<group>"; };
		869DCEC729DA49680000A1DD /* UIKitSampleViewModel.swift */ = {isa = PBXFileReference; lastKnownFileType = sourcecode.swift; path = UIKitSampleViewModel.swift; sourceTree = "<group>"; };
		86C0648A29EB8F1B0019FC77 /* TestUICollectionViewController.swift */ = {isa = PBXFileReference; lastKnownFileType = sourcecode.swift; path = TestUICollectionViewController.swift; sourceTree = "<group>"; };
		86C0648C29EB8F2F0019FC77 /* TestUICollectionView.storyboard */ = {isa = PBXFileReference; lastKnownFileType = file.storyboard; path = TestUICollectionView.storyboard; sourceTree = "<group>"; };
		86C0648E29EB91D00019FC77 /* TestCollectionViewModel.swift */ = {isa = PBXFileReference; lastKnownFileType = sourcecode.swift; path = TestCollectionViewModel.swift; sourceTree = "<group>"; };
		86C0649129EB92050019FC77 /* TestCollectionViewCell.swift */ = {isa = PBXFileReference; lastKnownFileType = sourcecode.swift; path = TestCollectionViewCell.swift; sourceTree = "<group>"; };
		86C0649229EB92050019FC77 /* TestCollectionViewCell.xib */ = {isa = PBXFileReference; lastKnownFileType = file.xib; path = TestCollectionViewCell.xib; sourceTree = "<group>"; };
		86C0649529EB92630019FC77 /* TestCollectionHeaderView.swift */ = {isa = PBXFileReference; lastKnownFileType = sourcecode.swift; path = TestCollectionHeaderView.swift; sourceTree = "<group>"; };
		86C0649629EB92630019FC77 /* TestCollectionHeaderView.xib */ = {isa = PBXFileReference; lastKnownFileType = file.xib; path = TestCollectionHeaderView.xib; sourceTree = "<group>"; };
		86C0649929EB927F0019FC77 /* TestCollectionFooterView.swift */ = {isa = PBXFileReference; lastKnownFileType = sourcecode.swift; path = TestCollectionFooterView.swift; sourceTree = "<group>"; };
		86C0649A29EB927F0019FC77 /* TestCollectionFooterView.xib */ = {isa = PBXFileReference; lastKnownFileType = file.xib; path = TestCollectionFooterView.xib; sourceTree = "<group>"; };
		86C0649E29F204C80019FC77 /* TestLazyGridView.swift */ = {isa = PBXFileReference; lastKnownFileType = sourcecode.swift; path = TestLazyGridView.swift; sourceTree = "<group>"; };
		86C064A029F204FD0019FC77 /* TestLazyGridViewModel.swift */ = {isa = PBXFileReference; lastKnownFileType = sourcecode.swift; path = TestLazyGridViewModel.swift; sourceTree = "<group>"; };
		86D1200A29E8C66B001F59BD /* TestListView.swift */ = {isa = PBXFileReference; lastKnownFileType = sourcecode.swift; path = TestListView.swift; sourceTree = "<group>"; };
		86D1200E29EA4542001F59BD /* NextListView.swift */ = {isa = PBXFileReference; lastKnownFileType = sourcecode.swift; path = NextListView.swift; sourceTree = "<group>"; };
		86D1201029EA4627001F59BD /* TestListViewModel.swift */ = {isa = PBXFileReference; lastKnownFileType = sourcecode.swift; path = TestListViewModel.swift; sourceTree = "<group>"; };
		86D68D1C2AF64810003901C0 /* GitHubSearchHistoryHeader.xib */ = {isa = PBXFileReference; lastKnownFileType = file.xib; path = GitHubSearchHistoryHeader.xib; sourceTree = "<group>"; };
		86D68D1E2AF64871003901C0 /* GitHubSearchHistoryHeader.swift */ = {isa = PBXFileReference; lastKnownFileType = sourcecode.swift; path = GitHubSearchHistoryHeader.swift; sourceTree = "<group>"; };
		86D68D202AF64EE6003901C0 /* GitHubSearchSuggestionsCell.xib */ = {isa = PBXFileReference; lastKnownFileType = file.xib; path = GitHubSearchSuggestionsCell.xib; sourceTree = "<group>"; };
		86D68D222AF64EF2003901C0 /* GitHubSearchSuggestionsCell.swift */ = {isa = PBXFileReference; lastKnownFileType = sourcecode.swift; path = GitHubSearchSuggestionsCell.swift; sourceTree = "<group>"; };
		86D852F42B00C83500873B4D /* GitHubSearchViewModel.swift */ = {isa = PBXFileReference; lastKnownFileType = sourcecode.swift; path = GitHubSearchViewModel.swift; sourceTree = "<group>"; };
		86E03C892AF082DD00AAEAC7 /* UIKitSampleData.swift */ = {isa = PBXFileReference; lastKnownFileType = sourcecode.swift; path = UIKitSampleData.swift; sourceTree = "<group>"; };
		86E6C2572AF5E02A0043F09C /* GitHubSearchTutorialLabelCell.xib */ = {isa = PBXFileReference; lastKnownFileType = file.xib; path = GitHubSearchTutorialLabelCell.xib; sourceTree = "<group>"; };
		86E6C2592AF5E0660043F09C /* GitHubSearchTutorialLabelCell.swift */ = {isa = PBXFileReference; lastKnownFileType = sourcecode.swift; path = GitHubSearchTutorialLabelCell.swift; sourceTree = "<group>"; };
		86E6C25B2AF5E35F0043F09C /* Localizable.xcstrings */ = {isa = PBXFileReference; lastKnownFileType = text.json.xcstrings; path = Localizable.xcstrings; sourceTree = "<group>"; };
		86FAFD9F29E4E5FE00327F7F /* TestUITableViewController.swift */ = {isa = PBXFileReference; lastKnownFileType = sourcecode.swift; path = TestUITableViewController.swift; sourceTree = "<group>"; };
		86FAFDA129E623BC00327F7F /* TestUITableView.storyboard */ = {isa = PBXFileReference; lastKnownFileType = file.storyboard; path = TestUITableView.storyboard; sourceTree = "<group>"; };
		86FAFDA429E6247A00327F7F /* TestUITableViewCell.xib */ = {isa = PBXFileReference; lastKnownFileType = file.xib; path = TestUITableViewCell.xib; sourceTree = "<group>"; };
		86FAFDA629E624AE00327F7F /* TestUITableViewCell.swift */ = {isa = PBXFileReference; lastKnownFileType = sourcecode.swift; path = TestUITableViewCell.swift; sourceTree = "<group>"; };
		86FAFDA829E6299E00327F7F /* TestUItableViewModel.swift */ = {isa = PBXFileReference; lastKnownFileType = sourcecode.swift; path = TestUItableViewModel.swift; sourceTree = "<group>"; };
		86FAFDAA29E6CD8600327F7F /* NextViewControllerFromTableView.swift */ = {isa = PBXFileReference; lastKnownFileType = sourcecode.swift; path = NextViewControllerFromTableView.swift; sourceTree = "<group>"; };
		8AB65B9723C24FBE6B3CD2E3 /* Pods-iOSReferenceRepository.debug.xcconfig */ = {isa = PBXFileReference; includeInIndex = 1; lastKnownFileType = text.xcconfig; name = "Pods-iOSReferenceRepository.debug.xcconfig"; path = "Target Support Files/Pods-iOSReferenceRepository/Pods-iOSReferenceRepository.debug.xcconfig"; sourceTree = "<group>"; };
		A9FCD5B60BA46D61F31D9954 /* Pods_iOSReferenceRepository.framework */ = {isa = PBXFileReference; explicitFileType = wrapper.framework; includeInIndex = 0; path = Pods_iOSReferenceRepository.framework; sourceTree = BUILT_PRODUCTS_DIR; };
		B280A647610E831338EC5047 /* Pods-iOSReferenceRepository.release.xcconfig */ = {isa = PBXFileReference; includeInIndex = 1; lastKnownFileType = text.xcconfig; name = "Pods-iOSReferenceRepository.release.xcconfig"; path = "Target Support Files/Pods-iOSReferenceRepository/Pods-iOSReferenceRepository.release.xcconfig"; sourceTree = "<group>"; };
/* End PBXFileReference section */

/* Begin PBXFrameworksBuildPhase section */
		8618B49D28CC45D9004810C3 /* Frameworks */ = {
			isa = PBXFrameworksBuildPhase;
			buildActionMask = 2147483647;
			files = (
				865A100C29D1166F007D9567 /* RxCocoa.framework in Frameworks */,
				865A100A29D11669007D9567 /* RxSwift.framework in Frameworks */,
				1743F3A07AEDFBB02AFD4928 /* Pods_iOSReferenceRepository.framework in Frameworks */,
			);
			runOnlyForDeploymentPostprocessing = 0;
		};
/* End PBXFrameworksBuildPhase section */

/* Begin PBXGroup section */
		20F39CEE4AB04A3821159EDC /* Frameworks */ = {
			isa = PBXGroup;
			children = (
				865A100B29D1166F007D9567 /* RxCocoa.framework */,
				865A100929D11669007D9567 /* RxSwift.framework */,
				865A100729D11558007D9567 /* RxCocoa.framework */,
				865A0FFC29BC3FE5007D9567 /* RxCocoa.framework */,
				A9FCD5B60BA46D61F31D9954 /* Pods_iOSReferenceRepository.framework */,
			);
			name = Frameworks;
			sourceTree = "<group>";
		};
		26A75E6A7FEF49D2A283D3FC /* Pods */ = {
			isa = PBXGroup;
			children = (
				8AB65B9723C24FBE6B3CD2E3 /* Pods-iOSReferenceRepository.debug.xcconfig */,
				B280A647610E831338EC5047 /* Pods-iOSReferenceRepository.release.xcconfig */,
			);
			path = Pods;
			sourceTree = "<group>";
		};
		8609B80229DF9A8600453822 /* SwiftUI */ = {
			isa = PBXGroup;
			children = (
				865A0FFF29C3EB56007D9567 /* SwiftUIView.swift */,
				86C0649D29F204570019FC77 /* LazyGrid */,
				86D1200929E7816E001F59BD /* List */,
				8609B80329DF9AA300453822 /* ScrollView */,
			);
			name = SwiftUI;
			path = ..;
			sourceTree = "<group>";
		};
		8609B80329DF9AA300453822 /* ScrollView */ = {
			isa = PBXGroup;
			children = (
				8609B80429DF9ABA00453822 /* TestScrollView.swift */,
			);
			name = ScrollView;
			sourceTree = "<group>";
		};
		8609B80629E4D96E00453822 /* UITableView */ = {
			isa = PBXGroup;
			children = (
				86FAFDA329E6246500327F7F /* View */,
				86FAFD9F29E4E5FE00327F7F /* TestUITableViewController.swift */,
				86FAFDA129E623BC00327F7F /* TestUITableView.storyboard */,
				86FAFDA829E6299E00327F7F /* TestUItableViewModel.swift */,
				86FAFDAA29E6CD8600327F7F /* NextViewControllerFromTableView.swift */,
				8675881129E6DA4B0096C92F /* NextViewFromTableView.storyboard */,
			);
			path = UITableView;
			sourceTree = "<group>";
		};
		8618B49728CC45D9004810C3 = {
			isa = PBXGroup;
			children = (
				8618B4A228CC45D9004810C3 /* iOSReferenceRepository */,
				861ABC122AE5F0B0004D46E1 /* Playgrounds */,
				8618B4A128CC45D9004810C3 /* Products */,
				26A75E6A7FEF49D2A283D3FC /* Pods */,
				20F39CEE4AB04A3821159EDC /* Frameworks */,
			);
			sourceTree = "<group>";
		};
		8618B4A128CC45D9004810C3 /* Products */ = {
			isa = PBXGroup;
			children = (
				8618B4A028CC45D9004810C3 /* iOSReferenceRepository.app */,
			);
			name = Products;
			sourceTree = "<group>";
		};
		8618B4A228CC45D9004810C3 /* iOSReferenceRepository */ = {
			isa = PBXGroup;
			children = (
				8618B4B728CD9B08004810C3 /* AppManager */,
				861B23C82AD76E04002935FD /* View */,
				861B23C92AD8AEA3002935FD /* ViewModel */,
				861B23CA2AD8AEB4002935FD /* Model */,
				861ABC0F2AE5E7ED004D46E1 /* Extensions */,
			);
			path = iOSReferenceRepository;
			sourceTree = "<group>";
		};
		8618B4B728CD9B08004810C3 /* AppManager */ = {
			isa = PBXGroup;
			children = (
				8618B4B128CC45DC004810C3 /* Info.plist */,
				8618B4A328CC45D9004810C3 /* AppDelegate.swift */,
				8618B4C428CDAAB4004810C3 /* R.generated.swift */,
				8618B4A528CC45D9004810C3 /* SceneDelegate.swift */,
				8618B4AC28CC45DC004810C3 /* Assets.xcassets */,
				86E6C25B2AF5E35F0043F09C /* Localizable.xcstrings */,
			);
			path = AppManager;
			sourceTree = "<group>";
		};
		8618B4B828CD9B28004810C3 /* Splash */ = {
			isa = PBXGroup;
			children = (
				8618B4B928CD9B55004810C3 /* Splash.storyboard */,
				8618B4BB28CD9B6B004810C3 /* SplashViewController.swift */,
			);
			path = Splash;
			sourceTree = "<group>";
		};
		8618B4BD28CDA89F004810C3 /* UIKitSample */ = {
			isa = PBXGroup;
			children = (
				8618B4C128CDA8FB004810C3 /* UIKitSample.storyboard */,
				8618B4BF28CDA8C2004810C3 /* UIKitSampleViewController.swift */,
				86809123291E90A800531ABC /* View */,
			);
			path = UIKitSample;
			sourceTree = "<group>";
		};
		861ABC072AE22193004D46E1 /* Settings */ = {
			isa = PBXGroup;
			children = (
				861ABC082AE221D5004D46E1 /* Settings.storyboard */,
				861ABC0A2AE221EA004D46E1 /* SettingsViewController.swift */,
			);
			path = Settings;
			sourceTree = "<group>";
		};
		861ABC0E2AE37EB2004D46E1 /* UIKitSample */ = {
			isa = PBXGroup;
			children = (
				869DCEC729DA49680000A1DD /* UIKitSampleViewModel.swift */,
			);
			path = UIKitSample;
			sourceTree = "<group>";
		};
		861ABC0F2AE5E7ED004D46E1 /* Extensions */ = {
			isa = PBXGroup;
			children = (
				861ABC102AE5E815004D46E1 /* Notification.Name+Extension.swift */,
			);
			path = Extensions;
			sourceTree = "<group>";
		};
		861ABC122AE5F0B0004D46E1 /* Playgrounds */ = {
			isa = PBXGroup;
			children = (
				861ABC132AE5F0C9004D46E1 /* Swift */,
				8663010F2B0F299C003A08C8 /* RxSwift */,
			);
			path = Playgrounds;
			sourceTree = "<group>";
		};
		861ABC132AE5F0C9004D46E1 /* Swift */ = {
			isa = PBXGroup;
			children = (
				861ABC152AE5F117004D46E1 /* Swift.playground */,
			);
			path = Swift;
			sourceTree = "<group>";
		};
		861B23C82AD76E04002935FD /* View */ = {
			isa = PBXGroup;
			children = (
				8618B4B828CD9B28004810C3 /* Splash */,
				861B23D02ADFD043002935FD /* Home */,
				861B23D62AE0AF6C002935FD /* GitHubSearch */,
				865A100129CE713D007D9567 /* UIKit */,
				8609B80229DF9A8600453822 /* SwiftUI */,
				861ABC072AE22193004D46E1 /* Settings */,
			);
			path = View;
			sourceTree = "<group>";
		};
		861B23C92AD8AEA3002935FD /* ViewModel */ = {
			isa = PBXGroup;
			children = (
				861B23CD2AD8AEE7002935FD /* Splash */,
				861B23D12ADFD06B002935FD /* Home */,
				86D852F32B00C81100873B4D /* GitHubSearch */,
				861ABC0E2AE37EB2004D46E1 /* UIKitSample */,
			);
			path = ViewModel;
			sourceTree = "<group>";
		};
		861B23CA2AD8AEB4002935FD /* Model */ = {
			isa = PBXGroup;
			children = (
				86E03C882AF082BA00AAEAC7 /* Data */,
				861B23CB2AD8AEBF002935FD /* UseCase */,
				861B23CC2AD8AEC7002935FD /* Repository */,
			);
			path = Model;
			sourceTree = "<group>";
		};
		861B23CB2AD8AEBF002935FD /* UseCase */ = {
			isa = PBXGroup;
			children = (
				8690EAC22B243E4700F1DE8E /* GitHubSearchHisotryManagerUseCase.swift */,
				8690EAC42B244B6500F1DE8E /* GitHubSearchUseCase.swift */,
			);
			path = UseCase;
			sourceTree = "<group>";
		};
		861B23CC2AD8AEC7002935FD /* Repository */ = {
			isa = PBXGroup;
			children = (
				860E908F2B1F2A0200468B8A /* UserDefaultsRepository.swift */,
				865510AF2B207868007767E1 /* GitHubSearchAPIRepository.swift */,
			);
			path = Repository;
			sourceTree = "<group>";
		};
		861B23CD2AD8AEE7002935FD /* Splash */ = {
			isa = PBXGroup;
			children = (
				861B23CE2AD8AF07002935FD /* SplashViewModel.swift */,
			);
			path = Splash;
			sourceTree = "<group>";
		};
		861B23D02ADFD043002935FD /* Home */ = {
			isa = PBXGroup;
			children = (
				861B23D22AE0AA76002935FD /* Home.storyboard */,
				861B23D42AE0ABFA002935FD /* HomeViewController.swift */,
			);
			path = Home;
			sourceTree = "<group>";
		};
		861B23D12ADFD06B002935FD /* Home */ = {
			isa = PBXGroup;
			children = (
				861ABC0C2AE37E8A004D46E1 /* HomeViewModel.swift */,
			);
			path = Home;
			sourceTree = "<group>";
		};
		861B23D62AE0AF6C002935FD /* GitHubSearch */ = {
			isa = PBXGroup;
			children = (
				861ABC032AE21F75004D46E1 /* GitHubSearch.storyboard */,
				861ABC052AE21F89004D46E1 /* GitHubSearchViewController.swift */,
				86E6C2562AF5DF9D0043F09C /* View */,
			);
			path = GitHubSearch;
			sourceTree = "<group>";
		};
		865A100129CE713D007D9567 /* UIKit */ = {
			isa = PBXGroup;
			children = (
				8618B4BD28CDA89F004810C3 /* UIKitSample */,
				86C0648929EB8F010019FC77 /* UICollectionView */,
				8609B80629E4D96E00453822 /* UITableView */,
				865A100229CE7143007D9567 /* ScrollView */,
			);
			path = UIKit;
			sourceTree = "<group>";
		};
		865A100229CE7143007D9567 /* ScrollView */ = {
			isa = PBXGroup;
			children = (
				865A100329CE7159007D9567 /* ScrollViewController.swift */,
				865A100529CE7199007D9567 /* ScrollView.storyboard */,
			);
			path = ScrollView;
			sourceTree = "<group>";
		};
		8663010F2B0F299C003A08C8 /* RxSwift */ = {
			isa = PBXGroup;
			children = (
				8663010E2B0F2986003A08C8 /* RxSwift.playground */,
			);
			path = RxSwift;
			sourceTree = "<group>";
		};
		86809123291E90A800531ABC /* View */ = {
			isa = PBXGroup;
			children = (
				86809126291E922B00531ABC /* UIKitSampleCell.swift */,
				86809124291E90B900531ABC /* UIKitSampleCell.xib */,
				860B302B291EA09100628191 /* UIKitSampleHeader.swift */,
				860B3029291E9FCC00628191 /* UIKitSampleHeader.xib */,
			);
			path = View;
			sourceTree = "<group>";
		};
		86C0648929EB8F010019FC77 /* UICollectionView */ = {
			isa = PBXGroup;
			children = (
				86C0649029EB91E00019FC77 /* View */,
				86C0648A29EB8F1B0019FC77 /* TestUICollectionViewController.swift */,
				86C0648C29EB8F2F0019FC77 /* TestUICollectionView.storyboard */,
				86C0648E29EB91D00019FC77 /* TestCollectionViewModel.swift */,
			);
			path = UICollectionView;
			sourceTree = "<group>";
		};
		86C0649029EB91E00019FC77 /* View */ = {
			isa = PBXGroup;
			children = (
				86C0649129EB92050019FC77 /* TestCollectionViewCell.swift */,
				86C0649229EB92050019FC77 /* TestCollectionViewCell.xib */,
				86C0649529EB92630019FC77 /* TestCollectionHeaderView.swift */,
				86C0649629EB92630019FC77 /* TestCollectionHeaderView.xib */,
				86C0649929EB927F0019FC77 /* TestCollectionFooterView.swift */,
				86C0649A29EB927F0019FC77 /* TestCollectionFooterView.xib */,
			);
			path = View;
			sourceTree = "<group>";
		};
		86C0649D29F204570019FC77 /* LazyGrid */ = {
			isa = PBXGroup;
			children = (
				86C0649E29F204C80019FC77 /* TestLazyGridView.swift */,
				86C064A029F204FD0019FC77 /* TestLazyGridViewModel.swift */,
			);
			name = LazyGrid;
			sourceTree = "<group>";
		};
		86D1200929E7816E001F59BD /* List */ = {
			isa = PBXGroup;
			children = (
				86D1200A29E8C66B001F59BD /* TestListView.swift */,
				86D1201029EA4627001F59BD /* TestListViewModel.swift */,
				86D1200E29EA4542001F59BD /* NextListView.swift */,
			);
			name = List;
			sourceTree = "<group>";
		};
		86D852F32B00C81100873B4D /* GitHubSearch */ = {
			isa = PBXGroup;
			children = (
				86D852F42B00C83500873B4D /* GitHubSearchViewModel.swift */,
			);
			path = GitHubSearch;
			sourceTree = "<group>";
		};
		86E03C882AF082BA00AAEAC7 /* Data */ = {
			isa = PBXGroup;
			children = (
				86E03C892AF082DD00AAEAC7 /* UIKitSampleData.swift */,
				865510AB2B1FE6F0007767E1 /* GitHubSearchType.swift */,
				865510AD2B1FE9F5007767E1 /* GitHubSearchSuggestionModel.swift */,
				8690EAC02B241E9E00F1DE8E /* GitHubSearchSuggesionsCellData.swift */,
			);
			path = Data;
			sourceTree = "<group>";
		};
		86E6C2562AF5DF9D0043F09C /* View */ = {
			isa = PBXGroup;
			children = (
				86E6C2572AF5E02A0043F09C /* GitHubSearchTutorialLabelCell.xib */,
				86E6C2592AF5E0660043F09C /* GitHubSearchTutorialLabelCell.swift */,
				868E6F3A2AF5EE7200C8599F /* GitHubSearchHistoryCell.xib */,
				868E6F3C2AF5EE7F00C8599F /* GitHubSearchHistoryCell.swift */,
				86D68D1C2AF64810003901C0 /* GitHubSearchHistoryHeader.xib */,
				86D68D1E2AF64871003901C0 /* GitHubSearchHistoryHeader.swift */,
				86D68D202AF64EE6003901C0 /* GitHubSearchSuggestionsCell.xib */,
				86D68D222AF64EF2003901C0 /* GitHubSearchSuggestionsCell.swift */,
			);
			path = View;
			sourceTree = "<group>";
		};
		86FAFDA329E6246500327F7F /* View */ = {
			isa = PBXGroup;
			children = (
				86FAFDA429E6247A00327F7F /* TestUITableViewCell.xib */,
				86FAFDA629E624AE00327F7F /* TestUITableViewCell.swift */,
			);
			path = View;
			sourceTree = "<group>";
		};
/* End PBXGroup section */

/* Begin PBXNativeTarget section */
		8618B49F28CC45D9004810C3 /* iOSReferenceRepository */ = {
			isa = PBXNativeTarget;
			buildConfigurationList = 8618B4B428CC45DC004810C3 /* Build configuration list for PBXNativeTarget "iOSReferenceRepository" */;
			buildPhases = (
				91D81C6DC5E83DB704275E74 /* [CP] Check Pods Manifest.lock */,
				8618B49C28CC45D9004810C3 /* Sources */,
				8618B49D28CC45D9004810C3 /* Frameworks */,
				8618B49E28CC45D9004810C3 /* Resources */,
				5BE2420EAD229FD6D87415D2 /* [CP] Embed Pods Frameworks */,
				8618B4C328CDA9CA004810C3 /* R.Swift Run Script */,
			);
			buildRules = (
			);
			dependencies = (
			);
			name = iOSReferenceRepository;
			packageProductDependencies = (
			);
			productName = iOSReferenceRepository;
			productReference = 8618B4A028CC45D9004810C3 /* iOSReferenceRepository.app */;
			productType = "com.apple.product-type.application";
		};
/* End PBXNativeTarget section */

/* Begin PBXProject section */
		8618B49828CC45D9004810C3 /* Project object */ = {
			isa = PBXProject;
			attributes = {
				BuildIndependentTargetsInParallel = 1;
				LastSwiftUpdateCheck = 1330;
				LastUpgradeCheck = 1330;
				TargetAttributes = {
					8618B49F28CC45D9004810C3 = {
						CreatedOnToolsVersion = 13.3;
					};
				};
			};
			buildConfigurationList = 8618B49B28CC45D9004810C3 /* Build configuration list for PBXProject "iOSReferenceRepository" */;
			compatibilityVersion = "Xcode 13.0";
			developmentRegion = en;
			hasScannedForEncodings = 0;
			knownRegions = (
				en,
				Base,
				ja,
			);
			mainGroup = 8618B49728CC45D9004810C3;
			packageReferences = (
			);
			productRefGroup = 8618B4A128CC45D9004810C3 /* Products */;
			projectDirPath = "";
			projectRoot = "";
			targets = (
				8618B49F28CC45D9004810C3 /* iOSReferenceRepository */,
			);
		};
/* End PBXProject section */

/* Begin PBXResourcesBuildPhase section */
		8618B49E28CC45D9004810C3 /* Resources */ = {
			isa = PBXResourcesBuildPhase;
			buildActionMask = 2147483647;
			files = (
				86E6C2582AF5E02A0043F09C /* GitHubSearchTutorialLabelCell.xib in Resources */,
				8618B4AD28CC45DC004810C3 /* Assets.xcassets in Resources */,
				86FAFDA529E6247A00327F7F /* TestUITableViewCell.xib in Resources */,
				86FAFDA229E623BD00327F7F /* TestUITableView.storyboard in Resources */,
				8675881229E6DA4B0096C92F /* NextViewFromTableView.storyboard in Resources */,
				86C0649C29EB927F0019FC77 /* TestCollectionFooterView.xib in Resources */,
				8618B4BA28CD9B55004810C3 /* Splash.storyboard in Resources */,
				86C0648D29EB8F2F0019FC77 /* TestUICollectionView.storyboard in Resources */,
				86E6C25C2AF5E35F0043F09C /* Localizable.xcstrings in Resources */,
				861B23D32AE0AA77002935FD /* Home.storyboard in Resources */,
				86D68D1D2AF64810003901C0 /* GitHubSearchHistoryHeader.xib in Resources */,
				86D68D212AF64EE6003901C0 /* GitHubSearchSuggestionsCell.xib in Resources */,
				86809125291E90B900531ABC /* UIKitSampleCell.xib in Resources */,
				860B302A291E9FCC00628191 /* UIKitSampleHeader.xib in Resources */,
				8618B4C228CDA8FB004810C3 /* UIKitSample.storyboard in Resources */,
				861ABC092AE221D5004D46E1 /* Settings.storyboard in Resources */,
				86C0649829EB92630019FC77 /* TestCollectionHeaderView.xib in Resources */,
				865A100629CE7199007D9567 /* ScrollView.storyboard in Resources */,
				86C0649429EB92050019FC77 /* TestCollectionViewCell.xib in Resources */,
				868E6F3B2AF5EE7200C8599F /* GitHubSearchHistoryCell.xib in Resources */,
				861ABC042AE21F75004D46E1 /* GitHubSearch.storyboard in Resources */,
			);
			runOnlyForDeploymentPostprocessing = 0;
		};
/* End PBXResourcesBuildPhase section */

/* Begin PBXShellScriptBuildPhase section */
		5BE2420EAD229FD6D87415D2 /* [CP] Embed Pods Frameworks */ = {
			isa = PBXShellScriptBuildPhase;
			buildActionMask = 2147483647;
			files = (
			);
			inputFileListPaths = (
				"${PODS_ROOT}/Target Support Files/Pods-iOSReferenceRepository/Pods-iOSReferenceRepository-frameworks-${CONFIGURATION}-input-files.xcfilelist",
			);
			name = "[CP] Embed Pods Frameworks";
			outputFileListPaths = (
				"${PODS_ROOT}/Target Support Files/Pods-iOSReferenceRepository/Pods-iOSReferenceRepository-frameworks-${CONFIGURATION}-output-files.xcfilelist",
			);
			runOnlyForDeploymentPostprocessing = 0;
			shellPath = /bin/sh;
			shellScript = "\"${PODS_ROOT}/Target Support Files/Pods-iOSReferenceRepository/Pods-iOSReferenceRepository-frameworks.sh\"\n";
			showEnvVarsInLog = 0;
		};
		8618B4C328CDA9CA004810C3 /* R.Swift Run Script */ = {
			isa = PBXShellScriptBuildPhase;
			alwaysOutOfDate = 1;
			buildActionMask = 2147483647;
			files = (
			);
			inputFileListPaths = (
			);
			inputPaths = (
			);
			name = "R.Swift Run Script";
			outputFileListPaths = (
			);
			outputPaths = (
				"$(DERIVED_FILE_DIR)/$SRCROOT/R.generated.swift",
			);
			runOnlyForDeploymentPostprocessing = 0;
			shellPath = /bin/sh;
			shellScript = "\"$PODS_ROOT/R.swift/rswift\" generate \"$SRCROOT/R.generated.swift\"\n";
		};
		91D81C6DC5E83DB704275E74 /* [CP] Check Pods Manifest.lock */ = {
			isa = PBXShellScriptBuildPhase;
			buildActionMask = 2147483647;
			files = (
			);
			inputFileListPaths = (
			);
			inputPaths = (
				"${PODS_PODFILE_DIR_PATH}/Podfile.lock",
				"${PODS_ROOT}/Manifest.lock",
			);
			name = "[CP] Check Pods Manifest.lock";
			outputFileListPaths = (
			);
			outputPaths = (
				"$(DERIVED_FILE_DIR)/Pods-iOSReferenceRepository-checkManifestLockResult.txt",
			);
			runOnlyForDeploymentPostprocessing = 0;
			shellPath = /bin/sh;
			shellScript = "diff \"${PODS_PODFILE_DIR_PATH}/Podfile.lock\" \"${PODS_ROOT}/Manifest.lock\" > /dev/null\nif [ $? != 0 ] ; then\n    # print error to STDERR\n    echo \"error: The sandbox is not in sync with the Podfile.lock. Run 'pod install' or update your CocoaPods installation.\" >&2\n    exit 1\nfi\n# This output is used by Xcode 'outputs' to avoid re-running this script phase.\necho \"SUCCESS\" > \"${SCRIPT_OUTPUT_FILE_0}\"\n";
			showEnvVarsInLog = 0;
		};
/* End PBXShellScriptBuildPhase section */

/* Begin PBXSourcesBuildPhase section */
		8618B49C28CC45D9004810C3 /* Sources */ = {
			isa = PBXSourcesBuildPhase;
			buildActionMask = 2147483647;
			files = (
				865510B02B207868007767E1 /* GitHubSearchAPIRepository.swift in Sources */,
				8618B4C028CDA8C2004810C3 /* UIKitSampleViewController.swift in Sources */,
				86D1200F29EA4542001F59BD /* NextListView.swift in Sources */,
				8609B80529DF9ABA00453822 /* TestScrollView.swift in Sources */,
				86C0649329EB92050019FC77 /* TestCollectionViewCell.swift in Sources */,
				865A100029C3EB56007D9567 /* SwiftUIView.swift in Sources */,
				8690EAC52B244B6500F1DE8E /* GitHubSearchUseCase.swift in Sources */,
				86FAFDA729E624AE00327F7F /* TestUITableViewCell.swift in Sources */,
				86D1200B29E8C66B001F59BD /* TestListView.swift in Sources */,
				86FAFDAB29E6CD8700327F7F /* NextViewControllerFromTableView.swift in Sources */,
				86D68D232AF64EF2003901C0 /* GitHubSearchSuggestionsCell.swift in Sources */,
				86FAFDA029E4E5FE00327F7F /* TestUITableViewController.swift in Sources */,
				86C0648B29EB8F1B0019FC77 /* TestUICollectionViewController.swift in Sources */,
				861ABC062AE21F89004D46E1 /* GitHubSearchViewController.swift in Sources */,
				86C064A129F204FD0019FC77 /* TestLazyGridViewModel.swift in Sources */,
				865A100429CE7159007D9567 /* ScrollViewController.swift in Sources */,
				86E6C25A2AF5E0660043F09C /* GitHubSearchTutorialLabelCell.swift in Sources */,
				861ABC0D2AE37E8A004D46E1 /* HomeViewModel.swift in Sources */,
				868E6F3D2AF5EE7F00C8599F /* GitHubSearchHistoryCell.swift in Sources */,
				860B302C291EA09100628191 /* UIKitSampleHeader.swift in Sources */,
				869DCEC829DA49680000A1DD /* UIKitSampleViewModel.swift in Sources */,
				8690EAC32B243E4700F1DE8E /* GitHubSearchHisotryManagerUseCase.swift in Sources */,
				861B23D52AE0ABFA002935FD /* HomeViewController.swift in Sources */,
				8618B4A428CC45D9004810C3 /* AppDelegate.swift in Sources */,
				86D68D1F2AF64871003901C0 /* GitHubSearchHistoryHeader.swift in Sources */,
				86D1201129EA4627001F59BD /* TestListViewModel.swift in Sources */,
				86FAFDA929E6299E00327F7F /* TestUItableViewModel.swift in Sources */,
				865510AC2B1FE6F0007767E1 /* GitHubSearchType.swift in Sources */,
				860E90902B1F2A0200468B8A /* UserDefaultsRepository.swift in Sources */,
				86E03C8A2AF082DD00AAEAC7 /* UIKitSampleData.swift in Sources */,
				8618B4C528CDAAB4004810C3 /* R.generated.swift in Sources */,
				86C0649B29EB927F0019FC77 /* TestCollectionFooterView.swift in Sources */,
				8690EAC12B241E9E00F1DE8E /* GitHubSearchSuggesionsCellData.swift in Sources */,
				86C0649729EB92630019FC77 /* TestCollectionHeaderView.swift in Sources */,
				86C0649F29F204C80019FC77 /* TestLazyGridView.swift in Sources */,
				861ABC0B2AE221EA004D46E1 /* SettingsViewController.swift in Sources */,
				865510AE2B1FE9F5007767E1 /* GitHubSearchSuggestionModel.swift in Sources */,
				861B23CF2AD8AF07002935FD /* SplashViewModel.swift in Sources */,
				86C0648F29EB91D00019FC77 /* TestCollectionViewModel.swift in Sources */,
				86D852F52B00C83500873B4D /* GitHubSearchViewModel.swift in Sources */,
				8618B4A628CC45D9004810C3 /* SceneDelegate.swift in Sources */,
				86809127291E922B00531ABC /* UIKitSampleCell.swift in Sources */,
				861ABC112AE5E815004D46E1 /* Notification.Name+Extension.swift in Sources */,
				8618B4BC28CD9B6B004810C3 /* SplashViewController.swift in Sources */,
			);
			runOnlyForDeploymentPostprocessing = 0;
		};
/* End PBXSourcesBuildPhase section */

/* Begin XCBuildConfiguration section */
		8618B4B228CC45DC004810C3 /* Debug */ = {
			isa = XCBuildConfiguration;
			buildSettings = {
				ALWAYS_SEARCH_USER_PATHS = NO;
				CLANG_ANALYZER_NONNULL = YES;
				CLANG_ANALYZER_NUMBER_OBJECT_CONVERSION = YES_AGGRESSIVE;
				CLANG_CXX_LANGUAGE_STANDARD = "gnu++17";
				CLANG_ENABLE_MODULES = YES;
				CLANG_ENABLE_OBJC_ARC = YES;
				CLANG_ENABLE_OBJC_WEAK = YES;
				CLANG_WARN_BLOCK_CAPTURE_AUTORELEASING = YES;
				CLANG_WARN_BOOL_CONVERSION = YES;
				CLANG_WARN_COMMA = YES;
				CLANG_WARN_CONSTANT_CONVERSION = YES;
				CLANG_WARN_DEPRECATED_OBJC_IMPLEMENTATIONS = YES;
				CLANG_WARN_DIRECT_OBJC_ISA_USAGE = YES_ERROR;
				CLANG_WARN_DOCUMENTATION_COMMENTS = YES;
				CLANG_WARN_EMPTY_BODY = YES;
				CLANG_WARN_ENUM_CONVERSION = YES;
				CLANG_WARN_INFINITE_RECURSION = YES;
				CLANG_WARN_INT_CONVERSION = YES;
				CLANG_WARN_NON_LITERAL_NULL_CONVERSION = YES;
				CLANG_WARN_OBJC_IMPLICIT_RETAIN_SELF = YES;
				CLANG_WARN_OBJC_LITERAL_CONVERSION = YES;
				CLANG_WARN_OBJC_ROOT_CLASS = YES_ERROR;
				CLANG_WARN_QUOTED_INCLUDE_IN_FRAMEWORK_HEADER = YES;
				CLANG_WARN_RANGE_LOOP_ANALYSIS = YES;
				CLANG_WARN_STRICT_PROTOTYPES = YES;
				CLANG_WARN_SUSPICIOUS_MOVE = YES;
				CLANG_WARN_UNGUARDED_AVAILABILITY = YES_AGGRESSIVE;
				CLANG_WARN_UNREACHABLE_CODE = YES;
				CLANG_WARN__DUPLICATE_METHOD_MATCH = YES;
				COPY_PHASE_STRIP = NO;
				DEBUG_INFORMATION_FORMAT = dwarf;
				ENABLE_STRICT_OBJC_MSGSEND = YES;
				ENABLE_TESTABILITY = YES;
				GCC_C_LANGUAGE_STANDARD = gnu11;
				GCC_DYNAMIC_NO_PIC = NO;
				GCC_NO_COMMON_BLOCKS = YES;
				GCC_OPTIMIZATION_LEVEL = 0;
				GCC_PREPROCESSOR_DEFINITIONS = (
					"DEBUG=1",
					"$(inherited)",
				);
				GCC_WARN_64_TO_32_BIT_CONVERSION = YES;
				GCC_WARN_ABOUT_RETURN_TYPE = YES_ERROR;
				GCC_WARN_UNDECLARED_SELECTOR = YES;
				GCC_WARN_UNINITIALIZED_AUTOS = YES_AGGRESSIVE;
				GCC_WARN_UNUSED_FUNCTION = YES;
				GCC_WARN_UNUSED_VARIABLE = YES;
				IPHONEOS_DEPLOYMENT_TARGET = 15.4;
				MTL_ENABLE_DEBUG_INFO = INCLUDE_SOURCE;
				MTL_FAST_MATH = YES;
				ONLY_ACTIVE_ARCH = YES;
				SDKROOT = iphoneos;
				SWIFT_ACTIVE_COMPILATION_CONDITIONS = DEBUG;
				SWIFT_OPTIMIZATION_LEVEL = "-Onone";
			};
			name = Debug;
		};
		8618B4B328CC45DC004810C3 /* Release */ = {
			isa = XCBuildConfiguration;
			buildSettings = {
				ALWAYS_SEARCH_USER_PATHS = NO;
				CLANG_ANALYZER_NONNULL = YES;
				CLANG_ANALYZER_NUMBER_OBJECT_CONVERSION = YES_AGGRESSIVE;
				CLANG_CXX_LANGUAGE_STANDARD = "gnu++17";
				CLANG_ENABLE_MODULES = YES;
				CLANG_ENABLE_OBJC_ARC = YES;
				CLANG_ENABLE_OBJC_WEAK = YES;
				CLANG_WARN_BLOCK_CAPTURE_AUTORELEASING = YES;
				CLANG_WARN_BOOL_CONVERSION = YES;
				CLANG_WARN_COMMA = YES;
				CLANG_WARN_CONSTANT_CONVERSION = YES;
				CLANG_WARN_DEPRECATED_OBJC_IMPLEMENTATIONS = YES;
				CLANG_WARN_DIRECT_OBJC_ISA_USAGE = YES_ERROR;
				CLANG_WARN_DOCUMENTATION_COMMENTS = YES;
				CLANG_WARN_EMPTY_BODY = YES;
				CLANG_WARN_ENUM_CONVERSION = YES;
				CLANG_WARN_INFINITE_RECURSION = YES;
				CLANG_WARN_INT_CONVERSION = YES;
				CLANG_WARN_NON_LITERAL_NULL_CONVERSION = YES;
				CLANG_WARN_OBJC_IMPLICIT_RETAIN_SELF = YES;
				CLANG_WARN_OBJC_LITERAL_CONVERSION = YES;
				CLANG_WARN_OBJC_ROOT_CLASS = YES_ERROR;
				CLANG_WARN_QUOTED_INCLUDE_IN_FRAMEWORK_HEADER = YES;
				CLANG_WARN_RANGE_LOOP_ANALYSIS = YES;
				CLANG_WARN_STRICT_PROTOTYPES = YES;
				CLANG_WARN_SUSPICIOUS_MOVE = YES;
				CLANG_WARN_UNGUARDED_AVAILABILITY = YES_AGGRESSIVE;
				CLANG_WARN_UNREACHABLE_CODE = YES;
				CLANG_WARN__DUPLICATE_METHOD_MATCH = YES;
				COPY_PHASE_STRIP = NO;
				DEBUG_INFORMATION_FORMAT = "dwarf-with-dsym";
				ENABLE_NS_ASSERTIONS = NO;
				ENABLE_STRICT_OBJC_MSGSEND = YES;
				GCC_C_LANGUAGE_STANDARD = gnu11;
				GCC_NO_COMMON_BLOCKS = YES;
				GCC_WARN_64_TO_32_BIT_CONVERSION = YES;
				GCC_WARN_ABOUT_RETURN_TYPE = YES_ERROR;
				GCC_WARN_UNDECLARED_SELECTOR = YES;
				GCC_WARN_UNINITIALIZED_AUTOS = YES_AGGRESSIVE;
				GCC_WARN_UNUSED_FUNCTION = YES;
				GCC_WARN_UNUSED_VARIABLE = YES;
				IPHONEOS_DEPLOYMENT_TARGET = 15.4;
				MTL_ENABLE_DEBUG_INFO = NO;
				MTL_FAST_MATH = YES;
				SDKROOT = iphoneos;
				SWIFT_COMPILATION_MODE = wholemodule;
				SWIFT_OPTIMIZATION_LEVEL = "-O";
				VALIDATE_PRODUCT = YES;
			};
			name = Release;
		};
		8618B4B528CC45DC004810C3 /* Debug */ = {
			isa = XCBuildConfiguration;
			baseConfigurationReference = 8AB65B9723C24FBE6B3CD2E3 /* Pods-iOSReferenceRepository.debug.xcconfig */;
			buildSettings = {
				ASSETCATALOG_COMPILER_APPICON_NAME = AppIcon;
				ASSETCATALOG_COMPILER_GLOBAL_ACCENT_COLOR_NAME = AccentColor;
				CODE_SIGN_STYLE = Automatic;
				CURRENT_PROJECT_VERSION = 1;
				DEVELOPMENT_TEAM = B4C4BK3TF8;
				GENERATE_INFOPLIST_FILE = YES;
				INFOPLIST_FILE = iOSReferenceRepository/AppManager/Info.plist;
				INFOPLIST_KEY_UIApplicationSupportsIndirectInputEvents = YES;
				INFOPLIST_KEY_UILaunchStoryboardName = LaunchScreen;
				INFOPLIST_KEY_UIMainStoryboardFile = Splash;
				INFOPLIST_KEY_UISupportedInterfaceOrientations_iPad = "UIInterfaceOrientationPortrait UIInterfaceOrientationPortraitUpsideDown UIInterfaceOrientationLandscapeLeft UIInterfaceOrientationLandscapeRight";
				INFOPLIST_KEY_UISupportedInterfaceOrientations_iPhone = "UIInterfaceOrientationPortrait UIInterfaceOrientationLandscapeLeft UIInterfaceOrientationLandscapeRight";
				IPHONEOS_DEPLOYMENT_TARGET = 15.0;
				LD_RUNPATH_SEARCH_PATHS = (
					"$(inherited)",
					"@executable_path/Frameworks",
				);
				MARKETING_VERSION = 1.0;
				PRODUCT_BUNDLE_IDENTIFIER = com.noringo.iOSReferenceRepository;
				PRODUCT_NAME = "$(TARGET_NAME)";
				SWIFT_EMIT_LOC_STRINGS = YES;
				SWIFT_VERSION = 5.0;
				TARGETED_DEVICE_FAMILY = "1,2";
			};
			name = Debug;
		};
		8618B4B628CC45DC004810C3 /* Release */ = {
			isa = XCBuildConfiguration;
			baseConfigurationReference = B280A647610E831338EC5047 /* Pods-iOSReferenceRepository.release.xcconfig */;
			buildSettings = {
				ASSETCATALOG_COMPILER_APPICON_NAME = AppIcon;
				ASSETCATALOG_COMPILER_GLOBAL_ACCENT_COLOR_NAME = AccentColor;
				CODE_SIGN_STYLE = Automatic;
				CURRENT_PROJECT_VERSION = 1;
				DEVELOPMENT_TEAM = B4C4BK3TF8;
				GENERATE_INFOPLIST_FILE = YES;
				INFOPLIST_FILE = iOSReferenceRepository/AppManager/Info.plist;
				INFOPLIST_KEY_UIApplicationSupportsIndirectInputEvents = YES;
				INFOPLIST_KEY_UILaunchStoryboardName = LaunchScreen;
				INFOPLIST_KEY_UIMainStoryboardFile = Splash;
				INFOPLIST_KEY_UISupportedInterfaceOrientations_iPad = "UIInterfaceOrientationPortrait UIInterfaceOrientationPortraitUpsideDown UIInterfaceOrientationLandscapeLeft UIInterfaceOrientationLandscapeRight";
				INFOPLIST_KEY_UISupportedInterfaceOrientations_iPhone = "UIInterfaceOrientationPortrait UIInterfaceOrientationLandscapeLeft UIInterfaceOrientationLandscapeRight";
				IPHONEOS_DEPLOYMENT_TARGET = 15.0;
				LD_RUNPATH_SEARCH_PATHS = (
					"$(inherited)",
					"@executable_path/Frameworks",
				);
				MARKETING_VERSION = 1.0;
				PRODUCT_BUNDLE_IDENTIFIER = com.noringo.iOSReferenceRepository;
				PRODUCT_NAME = "$(TARGET_NAME)";
				SWIFT_EMIT_LOC_STRINGS = YES;
				SWIFT_VERSION = 5.0;
				TARGETED_DEVICE_FAMILY = "1,2";
			};
			name = Release;
		};
/* End XCBuildConfiguration section */

/* Begin XCConfigurationList section */
		8618B49B28CC45D9004810C3 /* Build configuration list for PBXProject "iOSReferenceRepository" */ = {
			isa = XCConfigurationList;
			buildConfigurations = (
				8618B4B228CC45DC004810C3 /* Debug */,
				8618B4B328CC45DC004810C3 /* Release */,
			);
			defaultConfigurationIsVisible = 0;
			defaultConfigurationName = Release;
		};
		8618B4B428CC45DC004810C3 /* Build configuration list for PBXNativeTarget "iOSReferenceRepository" */ = {
			isa = XCConfigurationList;
			buildConfigurations = (
				8618B4B528CC45DC004810C3 /* Debug */,
				8618B4B628CC45DC004810C3 /* Release */,
			);
			defaultConfigurationIsVisible = 0;
			defaultConfigurationName = Release;
		};
/* End XCConfigurationList section */
	};
	rootObject = 8618B49828CC45D9004810C3 /* Project object */;
}
